{
    "format_version": "1.0",
    "terraform_version": "1.1.9",
    "planned_values": {
        "root_module": {
            "resources": [
                {
                    "address": "google_folder.department2",
                    "mode": "managed",
                    "type": "google_folder",
                    "name": "department2",
                    "provider_name": "registry.terraform.io/hashicorp/google",
                    "schema_version": 0,
                    "values": {
                        "display_name": "Department 2",
                        "parent": "organizations/{{.OrgID}}",
                        "timeouts": null
                    },
                    "sensitive_values": {}
                },
                {
                    "address": "google_folder_iam_member.editor",
                    "mode": "managed",
                    "type": "google_folder_iam_member",
                    "name": "editor",
                    "provider_name": "registry.terraform.io/hashicorp/google",
                    "schema_version": 0,
                    "values": {
                        "condition": [],
                        "member": "user:jane@example.com",
                        "role": "roles/editor"
                    },
                    "sensitive_values": {
                        "condition": []
                    }
                }
            ]
        }
    },
    "resource_changes": [
        {
            "address": "google_folder.department2",
            "mode": "managed",
            "type": "google_folder",
            "name": "department2",
            "provider_name": "registry.terraform.io/hashicorp/google",
            "change": {
                "actions": [
                    "create"
                ],
                "before": null,
                "after": {
                    "display_name": "Department 2",
                    "parent": "organizations/{{.OrgID}}",
                    "timeouts": null
                },
                "after_unknown": {
                    "create_time": true,
                    "folder_id": true,
                    "id": true,
                    "lifecycle_state": true,
                    "name": true
                },
                "before_sensitive": false,
                "after_sensitive": {}
            }
        },
        {
            "address": "google_folder_iam_member.editor",
            "mode": "managed",
            "type": "google_folder_iam_member",
            "name": "editor",
            "provider_name": "registry.terraform.io/hashicorp/google",
            "change": {
                "actions": [
                    "create"
                ],
                "before": null,
                "after": {
                    "condition": [],
                    "member": "user:jane@example.com",
                    "role": "roles/editor"
                },
                "after_unknown": {
                    "condition": [],
                    "etag": true,
                    "folder": true,
                    "id": true
                },
                "before_sensitive": false,
                "after_sensitive": {
                    "condition": []
                }
            }
        }
    ],
    "configuration": {
        "provider_config": {
            "google": {
                "name": "google"
            }
        },
        "root_module": {
            "resources": [
                {
                    "address": "google_folder.department2",
                    "mode": "managed",
                    "type": "google_folder",
                    "name": "department2",
                    "provider_config_key": "google",
                    "expressions": {
                        "display_name": {
                            "constant_value": "Department 2"
                        },
                        "parent": {
                            "constant_value": "organizations/{{.OrgID}}"
                        }
                    },
                    "schema_version": 0
                },
                {
                    "address": "google_folder_iam_member.editor",
                    "mode": "managed",
                    "type": "google_folder_iam_member",
                    "name": "editor",
                    "provider_config_key": "google",
                    "expressions": {
                        "folder": {
                            "references": [
                                "google_folder.department2.name",
                                "google_folder.department2"
                            ]
                        },
                        "member": {
                            "constant_value": "user:jane@example.com"
                        },
                        "role": {
                            "constant_value": "roles/editor"
                        }
                    },
                    "schema_version": 0
                }
            ]
        }
    }
}