{
  "format_version": "0.1",
  "terraform_version": "0.13.3",
  "planned_values": {
    "root_module": {
      "resources": [
        {
          "address": "google_storage_bucket.default",
          "mode": "managed",
          "type": "google_storage_bucket",
          "name": "default",
          "provider_name": "registry.terraform.io/hashicorp/google",
          "schema_version": 0,
          "values": {
            "cors": [],
            "default_event_based_hold": null,
            "encryption": [],
            "force_destroy": false,
            "labels": null,
            "lifecycle_rule": [],
            "location": "EU",
            "logging": [],
            "project": "{{.Provider.project}}",
            "requester_pays": null,
            "retention_policy": [],
            "storage_class": "STANDARD",
            "uniform_bucket_level_access": true,
            "versioning": [],
            "website": []
          }
        },
        {
          "address": "google_storage_bucket_iam_member.member",
          "mode": "managed",
          "type": "google_storage_bucket_iam_member",
          "name": "member",
          "provider_name": "registry.terraform.io/hashicorp/google",
          "schema_version": 0,
          "values": {
            "condition": [],
            "member": "user:jane@example.com",
            "role": "roles/storage.admin"
          }
        },
        {
          "address": "random_string.suffix",
          "mode": "managed",
          "type": "random_string",
          "name": "suffix",
          "provider_name": "registry.terraform.io/hashicorp/random",
          "schema_version": 1,
          "values": {
            "keepers": null,
            "length": 4,
            "lower": true,
            "min_lower": 0,
            "min_numeric": 0,
            "min_special": 0,
            "min_upper": 0,
            "number": true,
            "override_special": null,
            "special": false,
            "upper": false
          }
        }
      ]
    }
  },
  "resource_changes": [
    {
      "address": "google_storage_bucket.default",
      "mode": "managed",
      "type": "google_storage_bucket",
      "name": "default",
      "provider_name": "registry.terraform.io/hashicorp/google",
      "change": {
        "actions": [
          "create"
        ],
        "before": null,
        "after": {
          "cors": [],
          "default_event_based_hold": null,
          "encryption": [],
          "force_destroy": false,
          "labels": null,
          "lifecycle_rule": [],
          "location": "EU",
          "logging": [],
          "project": "{{.Provider.project}}",
          "requester_pays": null,
          "retention_policy": [],
          "storage_class": "STANDARD",
          "uniform_bucket_level_access": true,
          "versioning": [],
          "website": []
        },
        "after_unknown": {
          "bucket_policy_only": true,
          "cors": [],
          "encryption": [],
          "id": true,
          "lifecycle_rule": [],
          "logging": [],
          "name": true,
          "retention_policy": [],
          "self_link": true,
          "url": true,
          "versioning": [],
          "website": []
        }
      }
    },
    {
      "address": "google_storage_bucket_iam_member.member",
      "mode": "managed",
      "type": "google_storage_bucket_iam_member",
      "name": "member",
      "provider_name": "registry.terraform.io/hashicorp/google",
      "change": {
        "actions": [
          "create"
        ],
        "before": null,
        "after": {
          "condition": [],
          "member": "user:jane@example.com",
          "role": "roles/storage.admin"
        },
        "after_unknown": {
          "bucket": true,
          "condition": [],
          "etag": true,
          "id": true
        }
      }
    },
    {
      "address": "random_string.suffix",
      "mode": "managed",
      "type": "random_string",
      "name": "suffix",
      "provider_name": "registry.terraform.io/hashicorp/random",
      "change": {
        "actions": [
          "create"
        ],
        "before": null,
        "after": {
          "keepers": null,
          "length": 4,
          "lower": true,
          "min_lower": 0,
          "min_numeric": 0,
          "min_special": 0,
          "min_upper": 0,
          "number": true,
          "override_special": null,
          "special": false,
          "upper": false
        },
        "after_unknown": {
          "id": true,
          "result": true
        }
      }
    }
  ],
  "configuration": {
    "provider_config": {
      "google": {
        "name": "google"
      }
    },
    "root_module": {
      "resources": [
        {
          "address": "google_storage_bucket.default",
          "mode": "managed",
          "type": "google_storage_bucket",
          "name": "default",
          "provider_config_key": "google",
          "expressions": {
            "location": {
              "constant_value": "EU"
            },
            "name": {
              "references": [
                "random_string.suffix"
              ]
            },
            "project": {
              "constant_value": "{{.Provider.project}}"
            },
            "uniform_bucket_level_access": {
              "constant_value": true
            }
          },
          "schema_version": 0
        },
        {
          "address": "google_storage_bucket_iam_member.member",
          "mode": "managed",
          "type": "google_storage_bucket_iam_member",
          "name": "member",
          "provider_config_key": "google",
          "expressions": {
            "bucket": {
              "references": [
                "google_storage_bucket.default"
              ]
            },
            "member": {
              "constant_value": "user:jane@example.com"
            },
            "role": {
              "constant_value": "roles/storage.admin"
            }
          },
          "schema_version": 0
        },
        {
          "address": "random_string.suffix",
          "mode": "managed",
          "type": "random_string",
          "name": "suffix",
          "provider_config_key": "random",
          "expressions": {
            "length": {
              "constant_value": 4
            },
            "special": {
              "constant_value": false
            },
            "upper": {
              "constant_value": false
            }
          },
          "schema_version": 1
        }
      ]
    }
  }
}