{
    "format_version": "0.1",
    "terraform_version": "0.15.3",
    "planned_values": {
        "root_module": {
            "resources": [
                {
                    "address": "google_kms_crypto_key.example_crypto_key",
                    "mode": "managed",
                    "type": "google_kms_crypto_key",
                    "name": "example_crypto_key",
                    "provider_name": "registry.terraform.io/hashicorp/google",
                    "schema_version": 1,
                    "values": {
                        "labels": null,
                        "name": "crypto-key-example",
                        "purpose": "ENCRYPT_DECRYPT",
                        "rotation_period": null,
                        "skip_initial_version_creation": false,
                        "timeouts": null
                    }
                },
                {
                    "address": "google_kms_crypto_key_iam_binding.crypto_key",
                    "mode": "managed",
                    "type": "google_kms_crypto_key_iam_binding",
                    "name": "crypto_key",
                    "provider_name": "registry.terraform.io/hashicorp/google",
                    "schema_version": 0,
                    "values": {
                        "condition": [],
                        "members": [
                            "allAuthenticatedUsers",
                            "allUsers"
                        ],
                        "role": "roles/cloudkms.admin"
                    }
                },
                {
                    "address": "google_kms_key_ring.example_keyring",
                    "mode": "managed",
                    "type": "google_kms_key_ring",
                    "name": "example_keyring",
                    "provider_name": "registry.terraform.io/hashicorp/google",
                    "schema_version": 0,
                    "values": {
                        "location": "global",
                        "name": "keyring-example",
                        "project": "{{.Provider.project}}",
                        "timeouts": null
                    }
                }
            ]
        }
    },
    "resource_changes": [
        {
            "address": "google_kms_crypto_key.example_crypto_key",
            "mode": "managed",
            "type": "google_kms_crypto_key",
            "name": "example_crypto_key",
            "provider_name": "registry.terraform.io/hashicorp/google",
            "change": {
                "actions": [
                    "create"
                ],
                "before": null,
                "after": {
                    "labels": null,
                    "name": "crypto-key-example",
                    "purpose": "ENCRYPT_DECRYPT",
                    "rotation_period": null,
                    "skip_initial_version_creation": false,
                    "timeouts": null
                },
                "after_unknown": {
                    "id": true,
                    "key_ring": true,
                    "self_link": true,
                    "version_template": true
                },
                "before_sensitive": false,
                "after_sensitive": {
                    "version_template": []
                }
            }
        },
        {
            "address": "google_kms_crypto_key_iam_binding.crypto_key",
            "mode": "managed",
            "type": "google_kms_crypto_key_iam_binding",
            "name": "crypto_key",
            "provider_name": "registry.terraform.io/hashicorp/google",
            "change": {
                "actions": [
                    "create"
                ],
                "before": null,
                "after": {
                    "condition": [],
                    "members": [
                        "allAuthenticatedUsers",
                        "allUsers"
                    ],
                    "role": "roles/cloudkms.admin"
                },
                "after_unknown": {
                    "condition": [],
                    "crypto_key_id": true,
                    "etag": true,
                    "id": true,
                    "members": [
                        false,
                        false
                    ]
                },
                "before_sensitive": false,
                "after_sensitive": {
                    "condition": [],
                    "members": [
                        false,
                        false
                    ]
                }
            }
        },
        {
            "address": "google_kms_key_ring.example_keyring",
            "mode": "managed",
            "type": "google_kms_key_ring",
            "name": "example_keyring",
            "provider_name": "registry.terraform.io/hashicorp/google",
            "change": {
                "actions": [
                    "create"
                ],
                "before": null,
                "after": {
                    "location": "global",
                    "name": "keyring-example",
                    "project": "{{.Provider.project}}",
                    "timeouts": null
                },
                "after_unknown": {
                    "id": true,
                    "self_link": true
                },
                "before_sensitive": false,
                "after_sensitive": {}
            }
        }
    ],
    "configuration": {
        "provider_config": {
            "google": {
                "name": "google",
                "expressions": {
                    "project": {
                        "constant_value": "{{.Provider.project}}"
                    }
                }
            }
        },
        "root_module": {
            "resources": [
                {
                    "address": "google_kms_crypto_key.example_crypto_key",
                    "mode": "managed",
                    "type": "google_kms_crypto_key",
                    "name": "example_crypto_key",
                    "provider_config_key": "google",
                    "expressions": {
                        "key_ring": {
                            "references": [
                                "google_kms_key_ring.example_keyring"
                            ]
                        },
                        "name": {
                            "constant_value": "crypto-key-example"
                        }
                    },
                    "schema_version": 1
                },
                {
                    "address": "google_kms_crypto_key_iam_binding.crypto_key",
                    "mode": "managed",
                    "type": "google_kms_crypto_key_iam_binding",
                    "name": "crypto_key",
                    "provider_config_key": "google",
                    "expressions": {
                        "crypto_key_id": {
                            "references": [
                                "google_kms_crypto_key.example_crypto_key"
                            ]
                        },
                        "members": {
                            "constant_value": [
                                "allUsers",
                                "allAuthenticatedUsers"
                            ]
                        },
                        "role": {
                            "constant_value": "roles/cloudkms.admin"
                        }
                    },
                    "schema_version": 0
                },
                {
                    "address": "google_kms_key_ring.example_keyring",
                    "mode": "managed",
                    "type": "google_kms_key_ring",
                    "name": "example_keyring",
                    "provider_config_key": "google",
                    "expressions": {
                        "location": {
                            "constant_value": "global"
                        },
                        "name": {
                            "constant_value": "keyring-example"
                        },
                        "project": {
                            "constant_value": "{{.Provider.project}}"
                        }
                    },
                    "schema_version": 0
                }
            ]
        }
    }
}
