{
  "format_version": "0.1",
  "terraform_version": "0.12.10",
  "planned_values": {
    "root_module": {
      "resources": [
        {
          "address": "google_kms_iam_binding.editors",
          "mode": "managed",
          "type": "google_kms_iam_binding",
          "name": "editors",
          "provider_name": "google",
          "schema_version": 0,
          "values": {
            "members": [
              "user:example-a@google.com",
              "user:example-b@google.com"
            ],
            "project": "{{.Provider.project}}",
            "role": "roles/editor"
          }
        },
        {
          "address": "google_kms_iam_member.owner-a",
          "mode": "managed",
          "type": "google_kms_iam_member",
          "name": "owner-a",
          "provider_name": "google",
          "schema_version": 0,
          "values": {
            "member": "user:example-a@google.com",
            "project": "{{.Provider.project}}",
            "role": "roles/owner"
          }
        },
        {
          "address": "google_kms_iam_member.viewer-a",
          "mode": "managed",
          "type": "google_kms_iam_member",
          "name": "viewer-a",
          "provider_name": "google",
          "schema_version": 0,
          "values": {
            "member": "user:example-a@google.com",
            "project": "{{.Provider.project}}",
            "role": "roles/viewer"
          }
        },
        {
          "address": "google_kms_iam_member.viewer-b",
          "mode": "managed",
          "type": "google_kms_iam_member",
          "name": "viewer-b",
          "provider_name": "google",
          "schema_version": 0,
          "values": {
            "member": "user:example-b@google.com",
            "project": "{{.Provider.project}}",
            "role": "roles/viewer"
          }
        }
      ]
    }
  },
  "resource_changes": [
    {
      "address": "google_kms_iam_binding.editors",
      "mode": "managed",
      "type": "google_kms_iam_binding",
      "name": "editors",
      "provider_name": "google",
      "change": {
        "actions": [
          "create"
        ],
        "before": null,
        "after": {
          "members": [
            "user:example-a@google.com",
            "user:example-b@google.com"
          ],
          "project": "{{.Provider.project}}",
          "role": "roles/editor"
        },
        "after_unknown": {
          "etag": true,
          "id": true,
          "members": [
            false,
            false
          ]
        }
      }
    },
    {
      "address": "google_kms_iam_member.owner-a",
      "mode": "managed",
      "type": "google_kms_iam_member",
      "name": "owner-a",
      "provider_name": "google",
      "change": {
        "actions": [
          "create"
        ],
        "before": null,
        "after": {
          "member": "user:example-a@google.com",
          "project": "{{.Provider.project}}",
          "role": "roles/owner"
        },
        "after_unknown": {
          "etag": true,
          "id": true
        }
      }
    },
    {
      "address": "google_kms_iam_member.viewer-a",
      "mode": "managed",
      "type": "google_kms_iam_member",
      "name": "viewer-a",
      "provider_name": "google",
      "change": {
        "actions": [
          "create"
        ],
        "before": null,
        "after": {
          "member": "user:example-a@google.com",
          "project": "{{.Provider.project}}",
          "role": "roles/viewer"
        },
        "after_unknown": {
          "etag": true,
          "id": true
        }
      }
    },
    {
      "address": "google_kms_iam_member.viewer-b",
      "mode": "managed",
      "type": "google_kms_iam_member",
      "name": "viewer-b",
      "provider_name": "google",
      "change": {
        "actions": [
          "create"
        ],
        "before": null,
        "after": {
          "member": "user:example-b@google.com",
          "project": "{{.Provider.project}}",
          "role": "roles/viewer"
        },
        "after_unknown": {
          "etag": true,
          "id": true
        }
      }
    }
  ],
  "configuration": {
    "provider_config": {
      "google": {
        "name": "google",
        "expressions": {
          "project": {
            "constant_value": "{{.Provider.project}}"
          }
        }
      }
    },
    "root_module": {
      "resources": [
        {
          "address": "google_kms_iam_binding.editors",
          "mode": "managed",
          "type": "google_kms_iam_binding",
          "name": "editors",
          "provider_config_key": "google",
          "expressions": {
            "members": {
              "constant_value": [
                "user:example-a@google.com",
                "user:example-b@google.com"
              ]
            },
            "project": {
              "references": [
                "local.project"
              ]
            },
            "role": {
              "constant_value": "roles/editor"
            }
          },
          "schema_version": 0
        },
        {
          "address": "google_kms_iam_member.owner-a",
          "mode": "managed",
          "type": "google_kms_iam_member",
          "name": "owner-a",
          "provider_config_key": "google",
          "expressions": {
            "member": {
              "constant_value": "user:example-a@google.com"
            },
            "project": {
              "references": [
                "local.project"
              ]
            },
            "role": {
              "constant_value": "roles/owner"
            }
          },
          "schema_version": 0
        },
        {
          "address": "google_kms_iam_member.viewer-a",
          "mode": "managed",
          "type": "google_kms_iam_member",
          "name": "viewer-a",
          "provider_config_key": "google",
          "expressions": {
            "member": {
              "constant_value": "user:example-a@google.com"
            },
            "project": {
              "references": [
                "local.project"
              ]
            },
            "role": {
              "constant_value": "roles/viewer"
            }
          },
          "schema_version": 0
        },
        {
          "address": "google_kms_iam_member.viewer-b",
          "mode": "managed",
          "type": "google_kms_iam_member",
          "name": "viewer-b",
          "provider_config_key": "google",
          "expressions": {
            "member": {
              "constant_value": "user:example-b@google.com"
            },
            "project": {
              "references": [
                "local.project"
              ]
            },
            "role": {
              "constant_value": "roles/viewer"
            }
          },
          "schema_version": 0
        }
      ]
    }
  }
}
