{
  "version": 4,
  "terraform_version": "0.14.7",
  "serial": 3,
  "lineage": "2d6ba1d4-001c-be50-e951-42833952b512",
  "outputs": {},
  "resources": [
    {
      "mode": "managed",
      "type": "google_project",
      "name": "my_project",
      "provider": "provider[\"registry.terraform.io/hashicorp/google\"]",
      "instances": [
        {
          "schema_version": 1,
          "attributes": {
            "auto_create_network": true,
            "billing_account": "{{.Project.BillingAccountName}}",
            "folder_id": "",
            "id": "projects/{{.Provider.project}}",
            "labels": {
              "project-label-key-a": "project-label-val-a"
            },
            "name": "My Project",
            "number": "1234567890",
            "org_id": "{{.OrgID}}",
            "project_id": "{{.Provider.project}}",
            "skip_delete": null,
            "timeouts": null
          },
          "sensitive_attributes": []
        }
      ]
    }
  ]
}
