{
  "format_version": "0.1",
  "terraform_version": "0.13.5",
  "planned_values": {
    "root_module": {
      "resources": [
        {
          "address": "google_compute_forwarding_rule.default",
          "mode": "managed",
          "type": "google_compute_forwarding_rule",
          "name": "default",
          "provider_name": "registry.terraform.io/hashicorp/google",
          "schema_version": 0,
          "values": {
            "all_ports": null,
            "allow_global_access": null,
            "backend_service": "test-backend-service-id",
            "description": null,
            "ip_protocol": "TCP",
            "load_balancing_scheme": "INTERNAL_MANAGED",
            "name": "test-forwarding-rule",
            "port_range": "80",
            "ports": null,
            "region": "australia-southeast1",
            "service_label": null,
            "target": null,
            "timeouts": null
          }
        }
      ]
    }
  },
  "resource_changes": [
    {
      "address": "google_compute_forwarding_rule.default",
      "mode": "managed",
      "type": "google_compute_forwarding_rule",
      "name": "default",
      "provider_name": "registry.terraform.io/hashicorp/google",
      "change": {
        "actions": [
          "create"
        ],
        "before": null,
        "after": {
          "all_ports": null,
          "allow_global_access": null,
          "backend_service": "test-backend-service-id",
          "description": null,
          "ip_protocol": "TCP",
          "load_balancing_scheme": "INTERNAL_MANAGED",
          "name": "test-forwarding-rule",
          "port_range": "80",
          "ports": null,
          "region": "australia-southeast1",
          "service_label": null,
          "target": null,
          "timeouts": null
        },
        "after_unknown": {
          "creation_timestamp": true,
          "id": true,
          "ip_address": true,
          "network": true,
          "network_tier": true,
          "project": true,
          "self_link": true,
          "service_name": true,
          "subnetwork": true
        }
      }
    }
  ],
  "configuration": {
    "provider_config": {
      "google": {
        "name": "google",
        "expressions": {
          "project": {
            "constant_value": "{{.Provider.project}}"
          }
        }
      }
    },
    "root_module": {
      "resources": [
        {
          "address": "google_compute_forwarding_rule.default",
          "mode": "managed",
          "type": "google_compute_forwarding_rule",
          "name": "default",
          "provider_config_key": "google",
          "expressions": {
            "backend_service": {
              "constant_value": "test-backend-service-id"
            },
            "ip_protocol": {
              "constant_value": "TCP"
            },
            "load_balancing_scheme": {
              "constant_value": "INTERNAL_MANAGED"
            },
            "name": {
              "constant_value": "test-forwarding-rule"
            },
            "port_range": {
              "constant_value": 80
            },
            "region": {
              "constant_value": "australia-southeast1"
            }
          },
          "schema_version": 0
        }
      ]
    }
  }
}