{
  "format_version": "0.1",
  "terraform_version": "0.12.13",
  "planned_values": {
    "root_module": {
      "resources": [
        {
          "address": "google_container_cluster.primary",
          "mode": "managed",
          "type": "google_container_cluster",
          "name": "primary",
          "provider_name": "google",
          "schema_version": 1,
          "values": {
            "description": null,
            "enable_intranode_visibility": null,
            "enable_kubernetes_alpha": false,
            "enable_legacy_abac": false,
            "initial_node_count": 1,
            "location": "us-central1",
            "maintenance_policy": [],
            "master_auth": [
              {
                "client_certificate_config": [
                  {
                    "issue_client_certificate": false
                  }
                ],
                "password": "",
                "username": ""
              }
            ],
            "master_authorized_networks_config": [],
            "min_master_version": null,
            "name": "my-gke-cluster",
            "network": "default",
            "pod_security_policy_config": [],
            "private_cluster_config": [],
            "remove_default_node_pool": true,
            "resource_labels": null,
            "timeouts": null
          }
        },
        {
          "address": "google_container_node_pool.primary_preemptible_nodes",
          "mode": "managed",
          "type": "google_container_node_pool",
          "name": "primary_preemptible_nodes",
          "provider_name": "google",
          "schema_version": 1,
          "values": {
            "autoscaling": [],
            "cluster": "my-gke-cluster",
            "location": "us-central1",
            "name": "my-node-pool",
            "node_config": [
              {
                "machine_type": "n1-standard-1",
                "metadata": {
                  "disable-legacy-endpoints": "true"
                },
                "min_cpu_platform": null,
                "oauth_scopes": [
                  "https://www.googleapis.com/auth/logging.write",
                  "https://www.googleapis.com/auth/monitoring"
                ],
                "preemptible": true,
                "sandbox_config": [],
                "tags": null,
                "taint": [],
                "workload_metadata_config": []
              }
            ],
            "node_count": 1,
            "timeouts": null
          }
        }
      ]
    }
  },
  "resource_changes": [
    {
      "address": "google_container_cluster.primary",
      "mode": "managed",
      "type": "google_container_cluster",
      "name": "primary",
      "provider_name": "google",
      "change": {
        "actions": [
          "create"
        ],
        "before": null,
        "after": {
          "description": null,
          "enable_intranode_visibility": null,
          "enable_kubernetes_alpha": false,
          "enable_legacy_abac": false,
          "initial_node_count": 1,
          "location": "us-central1",
          "maintenance_policy": [],
          "master_auth": [
            {
              "client_certificate_config": [
                {
                  "issue_client_certificate": false
                }
              ],
              "password": "",
              "username": ""
            }
          ],
          "master_authorized_networks_config": [],
          "min_master_version": null,
          "name": "my-gke-cluster",
          "network": "default",
          "pod_security_policy_config": [],
          "private_cluster_config": [],
          "remove_default_node_pool": true,
          "resource_labels": null,
          "timeouts": null
        },
        "after_unknown": {
          "additional_zones": true,
          "addons_config": true,
          "cluster_autoscaling": true,
          "cluster_ipv4_cidr": true,
          "default_max_pods_per_node": true,
          "enable_binary_authorization": true,
          "enable_tpu": true,
          "endpoint": true,
          "id": true,
          "instance_group_urls": true,
          "ip_allocation_policy": true,
          "logging_service": true,
          "maintenance_policy": [],
          "master_auth": [
            {
              "client_certificate": true,
              "client_certificate_config": [
                {}
              ],
              "client_key": true,
              "cluster_ca_certificate": true
            }
          ],
          "master_authorized_networks_config": [],
          "master_version": true,
          "monitoring_service": true,
          "network_policy": true,
          "node_config": true,
          "node_locations": true,
          "node_pool": true,
          "node_version": true,
          "pod_security_policy_config": [],
          "private_cluster_config": [],
          "project": true,
          "region": true,
          "services_ipv4_cidr": true,
          "subnetwork": true,
          "zone": true
        }
      }
    },
    {
      "address": "google_container_node_pool.primary_preemptible_nodes",
      "mode": "managed",
      "type": "google_container_node_pool",
      "name": "primary_preemptible_nodes",
      "provider_name": "google",
      "change": {
        "actions": [
          "create"
        ],
        "before": null,
        "after": {
          "autoscaling": [],
          "cluster": "my-gke-cluster",
          "location": "us-central1",
          "name": "my-node-pool",
          "node_config": [
            {
              "machine_type": "n1-standard-1",
              "metadata": {
                "disable-legacy-endpoints": "true"
              },
              "min_cpu_platform": null,
              "oauth_scopes": [
                "https://www.googleapis.com/auth/logging.write",
                "https://www.googleapis.com/auth/monitoring"
              ],
              "preemptible": true,
              "sandbox_config": [],
              "tags": null,
              "taint": [],
              "workload_metadata_config": []
            }
          ],
          "node_count": 1,
          "timeouts": null
        },
        "after_unknown": {
          "autoscaling": [],
          "id": true,
          "initial_node_count": true,
          "instance_group_urls": true,
          "management": true,
          "max_pods_per_node": true,
          "name_prefix": true,
          "node_config": [
            {
              "disk_size_gb": true,
              "disk_type": true,
              "guest_accelerator": true,
              "image_type": true,
              "labels": true,
              "local_ssd_count": true,
              "metadata": {},
              "oauth_scopes": [
                false,
                false
              ],
              "sandbox_config": [],
              "service_account": true,
              "shielded_instance_config": true,
              "taint": [],
              "workload_metadata_config": []
            }
          ],
          "project": true,
          "region": true,
          "version": true,
          "zone": true
        }
      }
    }
  ],
  "configuration": {
    "root_module": {
      "resources": [
        {
          "address": "google_container_cluster.primary",
          "mode": "managed",
          "type": "google_container_cluster",
          "name": "primary",
          "provider_config_key": "google",
          "expressions": {
            "initial_node_count": {
              "constant_value": 1
            },
            "location": {
              "constant_value": "us-central1"
            },
            "master_auth": [
              {
                "client_certificate_config": [
                  {
                    "issue_client_certificate": {
                      "constant_value": false
                    }
                  }
                ],
                "password": {
                  "constant_value": ""
                },
                "username": {
                  "constant_value": ""
                }
              }
            ],
            "name": {
              "constant_value": "my-gke-cluster"
            },
            "remove_default_node_pool": {
              "constant_value": true
            }
          },
          "schema_version": 1
        },
        {
          "address": "google_container_node_pool.primary_preemptible_nodes",
          "mode": "managed",
          "type": "google_container_node_pool",
          "name": "primary_preemptible_nodes",
          "provider_config_key": "google",
          "expressions": {
            "cluster": {
              "references": [
                "google_container_cluster.primary"
              ]
            },
            "location": {
              "constant_value": "us-central1"
            },
            "name": {
              "constant_value": "my-node-pool"
            },
            "node_config": [
              {
                "machine_type": {
                  "constant_value": "n1-standard-1"
                },
                "metadata": {
                  "constant_value": {
                    "disable-legacy-endpoints": "true"
                  }
                },
                "oauth_scopes": {
                  "constant_value": [
                    "https://www.googleapis.com/auth/logging.write",
                    "https://www.googleapis.com/auth/monitoring"
                  ]
                },
                "preemptible": {
                  "constant_value": true
                }
              }
            ],
            "node_count": {
              "constant_value": 1
            }
          },
          "schema_version": 1
        }
      ]
    }
  }
}
