{
	"format_version": "0.1",
	"terraform_version": "0.15.3",
	"planned_values": {
		"root_module": {
			"resources": [{
				"address": "google_compute_attached_disk.disk-1",
				"mode": "managed",
				"type": "google_compute_attached_disk",
				"name": "disk-1",
				"provider_name": "registry.terraform.io/hashicorp/google",
				"schema_version": 0,
				"values": {
					"mode": "READ_WRITE",
					"timeouts": null,
					"zone": "us-central1-a"
				}
			}, {
				"address": "google_compute_disk.default",
				"mode": "managed",
				"type": "google_compute_disk",
				"name": "default",
				"provider_name": "registry.terraform.io/hashicorp/google",
				"schema_version": 0,
				"values": {
					"description": null,
					"disk_encryption_key": [],
					"image": null,
					"labels": null,
					"name": "test-disk",
					"provisioned_iops": null,
					"snapshot": null,
					"source_image_encryption_key": [],
					"source_snapshot_encryption_key": [],
					"timeouts": null,
					"type": "pd-ssd",
					"zone": "us-central1-a"
				}
			}, {
				"address": "google_compute_instance.default",
				"mode": "managed",
				"type": "google_compute_instance",
				"name": "default",
				"provider_name": "registry.terraform.io/hashicorp/google",
				"schema_version": 6,
				"values": {
					"advanced_machine_features": [],
					"allow_stopping_for_update": null,
					"attached_disk": [],
					"boot_disk": [{
						"auto_delete": true,
						"disk_encryption_key_raw": null,
						"initialize_params": [{
							"type": "pd-ssd"
						}],
						"mode": "READ_WRITE"
					}],
					"can_ip_forward": false,
					"deletion_protection": false,
					"description": null,
					"desired_status": null,
					"enable_display": null,
					"hostname": null,
					"labels": null,
					"machine_type": "n1-standard-1",
					"metadata": {
						"foo": "bar"
					},
					"metadata_startup_script": null,
					"name": "test",
					"network_interface": [{
						"access_config": [{
							"public_ptr_domain_name": null
						}],
						"alias_ip_range": [],
						"network": "default",
						"nic_type": null
					}],
					"resource_policies": null,
					"scratch_disk": [],
					"service_account": [],
					"shielded_instance_config": [],
					"tags": ["bar", "foo"],
					"timeouts": null,
					"zone": "us-central1-a"
				}
			}]
		}
	},
	"resource_changes": [{
		"address": "google_compute_attached_disk.disk-1",
		"mode": "managed",
		"type": "google_compute_attached_disk",
		"name": "disk-1",
		"provider_name": "registry.terraform.io/hashicorp/google",
		"change": {
			"actions": ["create"],
			"before": null,
			"after": {
				"mode": "READ_WRITE",
				"timeouts": null,
				"zone": "us-central1-a"
			},
			"after_unknown": {
				"device_name": true,
				"disk": true,
				"id": true,
				"instance": true,
				"project": true
			},
			"before_sensitive": false,
			"after_sensitive": {}
		}
	}, {
		"address": "google_compute_disk.default",
		"mode": "managed",
		"type": "google_compute_disk",
		"name": "default",
		"provider_name": "registry.terraform.io/hashicorp/google",
		"change": {
			"actions": ["create"],
			"before": null,
			"after": {
				"description": null,
				"disk_encryption_key": [],
				"image": null,
				"labels": null,
				"name": "test-disk",
				"provisioned_iops": null,
				"snapshot": null,
				"source_image_encryption_key": [],
				"source_snapshot_encryption_key": [],
				"timeouts": null,
				"type": "pd-ssd",
				"zone": "us-central1-a"
			},
			"after_unknown": {
				"creation_timestamp": true,
				"disk_encryption_key": [],
				"id": true,
				"label_fingerprint": true,
				"last_attach_timestamp": true,
				"last_detach_timestamp": true,
				"physical_block_size_bytes": true,
				"project": true,
				"self_link": true,
				"size": true,
				"source_image_encryption_key": [],
				"source_image_id": true,
				"source_snapshot_encryption_key": [],
				"source_snapshot_id": true,
				"users": true
			},
			"before_sensitive": false,
			"after_sensitive": {
				"disk_encryption_key": [],
				"source_image_encryption_key": [],
				"source_snapshot_encryption_key": [],
				"users": []
			}
		}
	}, {
		"address": "google_compute_instance.default",
		"mode": "managed",
		"type": "google_compute_instance",
		"name": "default",
		"provider_name": "registry.terraform.io/hashicorp/google",
		"change": {
			"actions": ["create"],
			"before": null,
			"after": {
				"advanced_machine_features": [],
				"allow_stopping_for_update": null,
				"attached_disk": [],
				"boot_disk": [{
					"auto_delete": true,
					"disk_encryption_key_raw": null,
					"initialize_params": [{
						"type": "pd-ssd"
					}],
					"mode": "READ_WRITE"
				}],
				"can_ip_forward": false,
				"deletion_protection": false,
				"description": null,
				"desired_status": null,
				"enable_display": null,
				"hostname": null,
				"labels": null,
				"machine_type": "n1-standard-1",
				"metadata": {
					"foo": "bar"
				},
				"metadata_startup_script": null,
				"name": "test",
				"network_interface": [{
					"access_config": [{
						"public_ptr_domain_name": null
					}],
					"alias_ip_range": [],
					"network": "default",
					"nic_type": null
				}],
				"resource_policies": null,
				"scratch_disk": [],
				"service_account": [],
				"shielded_instance_config": [],
				"tags": ["bar", "foo"],
				"timeouts": null,
				"zone": "us-central1-a"
			},
			"after_unknown": {
				"advanced_machine_features": [],
				"attached_disk": [],
				"boot_disk": [{
					"device_name": true,
					"disk_encryption_key_sha256": true,
					"initialize_params": [{
						"image": true,
						"labels": true,
						"size": true
					}],
					"kms_key_self_link": true,
					"source": true
				}],
				"confidential_instance_config": true,
				"cpu_platform": true,
				"current_status": true,
				"guest_accelerator": true,
				"id": true,
				"instance_id": true,
				"label_fingerprint": true,
				"metadata": {},
				"metadata_fingerprint": true,
				"min_cpu_platform": true,
				"network_interface": [{
					"access_config": [{
						"nat_ip": true,
						"network_tier": true
					}],
					"alias_ip_range": [],
					"name": true,
					"network_ip": true,
					"subnetwork": true,
					"subnetwork_project": true
				}],
				"project": true,
				"reservation_affinity": true,
				"scheduling": true,
				"scratch_disk": [],
				"self_link": true,
				"service_account": [],
				"shielded_instance_config": [],
				"tags": [false, false],
				"tags_fingerprint": true
			},
			"before_sensitive": false,
			"after_sensitive": {
				"advanced_machine_features": [],
				"attached_disk": [],
				"boot_disk": [{
					"disk_encryption_key_raw": true,
					"initialize_params": [{
						"labels": {}
					}]
				}],
				"confidential_instance_config": [],
				"guest_accelerator": [],
				"metadata": {},
				"network_interface": [{
					"access_config": [{}],
					"alias_ip_range": []
				}],
				"reservation_affinity": [],
				"scheduling": [],
				"scratch_disk": [],
				"service_account": [],
				"shielded_instance_config": [],
				"tags": [false, false]
			}
		}
	}],
	"configuration": {
		"provider_config": {
			"google": {
				"name": "google",
				"version_constraint": "~\u003e 3.84.0",
				"expressions": {
					"project": {
						"constant_value": "{{.Provider.project}}"
					}
				}
			}
		},
		"root_module": {
			"resources": [{
				"address": "google_compute_attached_disk.disk-1",
				"mode": "managed",
				"type": "google_compute_attached_disk",
				"name": "disk-1",
				"provider_config_key": "google",
				"expressions": {
					"disk": {
						"references": ["google_compute_disk.default"]
					},
					"instance": {
						"references": ["google_compute_instance.default"]
					},
					"zone": {
						"constant_value": "us-central1-a"
					}
				},
				"schema_version": 0
			}, {
				"address": "google_compute_disk.default",
				"mode": "managed",
				"type": "google_compute_disk",
				"name": "default",
				"provider_config_key": "google",
				"expressions": {
					"name": {
						"constant_value": "test-disk"
					},
					"type": {
						"constant_value": "pd-ssd"
					},
					"zone": {
						"constant_value": "us-central1-a"
					}
				},
				"schema_version": 0
			}, {
				"address": "google_compute_instance.default",
				"mode": "managed",
				"type": "google_compute_instance",
				"name": "default",
				"provider_config_key": "google",
				"expressions": {
					"boot_disk": [{
						"initialize_params": [{
							"type": {
								"constant_value": "pd-ssd"
							}
						}]
					}],
					"machine_type": {
						"constant_value": "n1-standard-1"
					},
					"metadata": {
						"constant_value": {
							"foo": "bar"
						}
					},
					"name": {
						"constant_value": "test"
					},
					"network_interface": [{
						"access_config": [{}],
						"network": {
							"constant_value": "default"
						}
					}],
					"tags": {
						"constant_value": ["foo", "bar"]
					},
					"zone": {
						"constant_value": "us-central1-a"
					}
				},
				"schema_version": 6
			}]
		}
	}
}