{
  "format_version": "0.1",
  "terraform_version": "0.12.30",
  "planned_values": {
    "root_module": {
      "resources": [
        {
          "address": "google_storage_bucket.default",
          "mode": "managed",
          "type": "google_storage_bucket",
          "name": "default",
          "provider_name": "google",
          "schema_version": 0,
          "values": {
            "cors": [],
            "default_event_based_hold": null,
            "encryption": [],
            "force_destroy": false,
            "labels": null,
            "lifecycle_rule": [],
            "location": "EU",
            "logging": [],
            "name": "fake-bucket-123456",
            "project": "{{.Provider.project}}",
            "requester_pays": null,
            "retention_policy": [],
            "storage_class": "STANDARD",
            "uniform_bucket_level_access": true,
            "versioning": [],
            "website": []
          }
        },
        {
          "address": "google_storage_bucket_iam_policy.policy",
          "mode": "managed",
          "type": "google_storage_bucket_iam_policy",
          "name": "policy",
          "provider_name": "google",
          "schema_version": 0,
          "values": {
            "bucket": "fake-bucket-123456",
            "policy_data": "{\"bindings\":[{\"members\":[\"user:jane@example.com\"],\"role\":\"roles/storage.admin\"}]}"
          }
        }
      ]
    }
  },
  "resource_changes": [
    {
      "address": "google_storage_bucket.default",
      "mode": "managed",
      "type": "google_storage_bucket",
      "name": "default",
      "provider_name": "google",
      "change": {
        "actions": [
          "create"
        ],
        "before": null,
        "after": {
          "cors": [],
          "default_event_based_hold": null,
          "encryption": [],
          "force_destroy": false,
          "labels": null,
          "lifecycle_rule": [],
          "location": "EU",
          "logging": [],
          "name": "fake-bucket-123456",
          "project": "{{.Provider.project}}",
          "requester_pays": null,
          "retention_policy": [],
          "storage_class": "STANDARD",
          "uniform_bucket_level_access": true,
          "versioning": [],
          "website": []
        },
        "after_unknown": {
          "bucket_policy_only": true,
          "cors": [],
          "encryption": [],
          "id": true,
          "lifecycle_rule": [],
          "logging": [],
          "retention_policy": [],
          "self_link": true,
          "url": true,
          "versioning": [],
          "website": []
        }
      }
    },
    {
      "address": "google_storage_bucket_iam_policy.policy",
      "mode": "managed",
      "type": "google_storage_bucket_iam_policy",
      "name": "policy",
      "provider_name": "google",
      "change": {
        "actions": [
          "create"
        ],
        "before": null,
        "after": {
          "bucket": "fake-bucket-123456",
          "policy_data": "{\"bindings\":[{\"members\":[\"user:jane@example.com\"],\"role\":\"roles/storage.admin\"}]}"
        },
        "after_unknown": {
          "etag": true,
          "id": true
        }
      }
    }
  ],
  "prior_state": {
    "format_version": "0.1",
    "terraform_version": "0.12.30",
    "values": {
      "root_module": {
        "resources": [
          {
            "address": "data.google_iam_policy.admin",
            "mode": "data",
            "type": "google_iam_policy",
            "name": "admin",
            "provider_name": "google",
            "schema_version": 0,
            "values": {
              "audit_config": null,
              "binding": [
                {
                  "condition": [],
                  "members": [
                    "user:jane@example.com"
                  ],
                  "role": "roles/storage.admin"
                }
              ],
              "id": "571533378",
              "policy_data": "{\"bindings\":[{\"members\":[\"user:jane@example.com\"],\"role\":\"roles/storage.admin\"}]}"
            }
          }
        ]
      }
    }
  },
  "configuration": {
    "root_module": {
      "resources": [
        {
          "address": "google_storage_bucket.default",
          "mode": "managed",
          "type": "google_storage_bucket",
          "name": "default",
          "provider_config_key": "google",
          "expressions": {
            "location": {
              "constant_value": "EU"
            },
            "name": {
              "constant_value": "fake-bucket-123456"
            },
            "project": {
              "constant_value": "{{.Provider.project}}"
            },
            "uniform_bucket_level_access": {
              "constant_value": true
            }
          },
          "schema_version": 0
        },
        {
          "address": "google_storage_bucket_iam_policy.policy",
          "mode": "managed",
          "type": "google_storage_bucket_iam_policy",
          "name": "policy",
          "provider_config_key": "google",
          "expressions": {
            "bucket": {
              "references": [
                "google_storage_bucket.default"
              ]
            },
            "policy_data": {
              "references": [
                "data.google_iam_policy.admin"
              ]
            }
          },
          "schema_version": 0
        },
        {
          "address": "data.google_iam_policy.admin",
          "mode": "data",
          "type": "google_iam_policy",
          "name": "admin",
          "provider_config_key": "google",
          "expressions": {
            "binding": [
              {
                "members": {
                  "constant_value": [
                    "user:jane@example.com"
                  ]
                },
                "role": {
                  "constant_value": "roles/storage.admin"
                }
              }
            ]
          },
          "schema_version": 0
        }
      ]
    }
  }
}
