{
  "format_version": "0.1",
  "terraform_version": "0.12.10",
  "planned_values": {
    "root_module": {
      "resources": [
        {
          "address": "google_sql_database_instance.master",
          "mode": "managed",
          "type": "google_sql_database_instance",
          "name": "master",
          "provider_name": "google",
          "schema_version": 0,
          "values": {
            "database_version": "POSTGRES_9_6",
            "name": "master-instance",
            "region": "us-central1",
            "settings": [
              {
                "authorized_gae_applications": null,
                "database_flags": [],
                "disk_autoresize": true,
                "maintenance_window": [],
                "pricing_plan": "PER_USE",
                "replication_type": "SYNCHRONOUS",
                "tier": "db-f1-micro",
                "user_labels": null
              }
            ],
            "timeouts": null
          }
        }
      ]
    }
  },
  "resource_changes": [
    {
      "address": "google_sql_database_instance.master",
      "mode": "managed",
      "type": "google_sql_database_instance",
      "name": "master",
      "provider_name": "google",
      "change": {
        "actions": [
          "create"
        ],
        "before": null,
        "after": {
          "database_version": "POSTGRES_9_6",
          "name": "master-instance",
          "region": "us-central1",
          "settings": [
            {
              "authorized_gae_applications": null,
              "database_flags": [],
              "disk_autoresize": true,
              "maintenance_window": [],
              "pricing_plan": "PER_USE",
              "replication_type": "SYNCHRONOUS",
              "tier": "db-f1-micro",
              "user_labels": null
            }
          ],
          "timeouts": null
        },
        "after_unknown": {
          "connection_name": true,
          "first_ip_address": true,
          "id": true,
          "ip_address": true,
          "master_instance_name": true,
          "private_ip_address": true,
          "project": true,
          "public_ip_address": true,
          "replica_configuration": true,
          "self_link": true,
          "server_ca_cert": true,
          "service_account_email_address": true,
          "settings": [
            {
              "activation_policy": true,
              "availability_type": true,
              "backup_configuration": true,
              "crash_safe_replication": true,
              "database_flags": [],
              "disk_size": true,
              "disk_type": true,
              "ip_configuration": true,
              "location_preference": true,
              "maintenance_window": [],
              "version": true
            }
          ]
        }
      }
    }
  ],
  "configuration": {
    "provider_config": {
      "google": {
        "name": "google",
        "expressions": {
          "project": {
            "constant_value": "{{.Provider.project}}"
          }
        }
      }
    },
    "root_module": {
      "resources": [
        {
          "address": "google_sql_database_instance.master",
          "mode": "managed",
          "type": "google_sql_database_instance",
          "name": "master",
          "provider_config_key": "google",
          "expressions": {
            "database_version": {
              "constant_value": "POSTGRES_9_6"
            },
            "name": {
              "constant_value": "master-instance"
            },
            "region": {
              "constant_value": "us-central1"
            },
            "settings": [
              {
                "tier": {
                  "constant_value": "db-f1-micro"
                }
              }
            ]
          },
          "schema_version": 0
        }
      ]
    }
  }
}
