{
	"format_version": "0.1",
	"terraform_version": "0.12.31",
	"planned_values": {
		"root_module": {
			"resources": [{
				"address": "google_bigquery_dataset.example-dataset",
				"mode": "managed",
				"type": "google_bigquery_dataset",
				"name": "example-dataset",
				"provider_name": "google",
				"schema_version": 0,
				"values": {
					"dataset_id": "test-dataset",
					"default_encryption_configuration": [],
					"default_partition_expiration_ms": null,
					"default_table_expiration_ms": 3600000,
					"delete_contents_on_destroy": false,
					"description": null,
					"friendly_name": null,
					"labels": {
						"env": "dev"
					},
					"location": "EU",
					"project": "{{.Provider.project}}",
					"timeouts": null
				}
			}, {
				"address": "google_bigquery_dataset_iam_policy.dataset",
				"mode": "managed",
				"type": "google_bigquery_dataset_iam_policy",
				"name": "dataset",
				"provider_name": "google",
				"schema_version": 0,
				"values": {
					"dataset_id": "test-dataset",
					"policy_data": "{\"bindings\":[{\"members\":[\"serviceAccount:998476993360@cloudservices.gserviceaccount.com\",\"allAuthenticatedUsers\"],\"role\":\"roles/editor\"}]}"
				}
			}]
		}
	},
	"resource_changes": [{
		"address": "google_bigquery_dataset.example-dataset",
		"mode": "managed",
		"type": "google_bigquery_dataset",
		"name": "example-dataset",
		"provider_name": "google",
		"change": {
			"actions": ["create"],
			"before": null,
			"after": {
				"dataset_id": "test-dataset",
				"default_encryption_configuration": [],
				"default_partition_expiration_ms": null,
				"default_table_expiration_ms": 3600000,
				"delete_contents_on_destroy": false,
				"description": null,
				"friendly_name": null,
				"labels": {
					"env": "dev"
				},
				"location": "EU",
				"project": "{{.Provider.project}}",
				"timeouts": null
			},
			"after_unknown": {
				"access": true,
				"creation_time": true,
				"default_encryption_configuration": [],
				"etag": true,
				"id": true,
				"labels": {},
				"last_modified_time": true,
				"self_link": true
			}
		}
	}, {
		"address": "google_bigquery_dataset_iam_policy.dataset",
		"mode": "managed",
		"type": "google_bigquery_dataset_iam_policy",
		"name": "dataset",
		"provider_name": "google",
		"change": {
			"actions": ["create"],
			"before": null,
			"after": {
				"dataset_id": "test-dataset",
				"policy_data": "{\"bindings\":[{\"members\":[\"serviceAccount:998476993360@cloudservices.gserviceaccount.com\",\"allAuthenticatedUsers\"],\"role\":\"roles/editor\"}]}"
			},
			"after_unknown": {
				"etag": true,
				"id": true,
				"project": true
			}
		}
	}],
	"configuration": {
		"provider_config": {
			"google": {
				"name": "google",
				"expressions": {
					"project": {
						"constant_value": "{{.Provider.project}}"
					}
				}
			}
		},
		"root_module": {
			"resources": [{
				"address": "google_bigquery_dataset.example-dataset",
				"mode": "managed",
				"type": "google_bigquery_dataset",
				"name": "example-dataset",
				"provider_config_key": "google",
				"expressions": {
					"dataset_id": {
						"constant_value": "test-dataset"
					},
					"default_table_expiration_ms": {
						"constant_value": 3600000
					},
					"labels": {
						"constant_value": {
							"env": "dev"
						}
					},
					"location": {
						"constant_value": "EU"
					},
					"project": {
						"constant_value": "{{.Provider.project}}"
					}
				},
				"schema_version": 0
			}, {
				"address": "google_bigquery_dataset_iam_policy.dataset",
				"mode": "managed",
				"type": "google_bigquery_dataset_iam_policy",
				"name": "dataset",
				"provider_config_key": "google",
				"expressions": {
					"dataset_id": {
						"references": ["google_bigquery_dataset.example-dataset"]
					},
					"policy_data": {
						"constant_value": "{\"bindings\":[{\"members\":[\"serviceAccount:998476993360@cloudservices.gserviceaccount.com\",\"allAuthenticatedUsers\"],\"role\":\"roles/editor\"}]}"
					}
				},
				"schema_version": 0
			}]
		}
	}
}