{
  "format_version": "0.1",
  "terraform_version": "0.12.13",
  "planned_values": {
    "root_module": {
      "resources": [
        {
          "address": "google_container_node_pool.full_list_default_1",
          "mode": "managed",
          "type": "google_container_node_pool",
          "name": "full_list_default_1",
          "provider_name": "google",
          "schema_version": 1,
          "values": {
            "autoscaling": [
              {
                "max_node_count": 1337,
                "min_node_count": 42
              }
            ],
            "cluster": "test-cluster",
            "initial_node_count": 42,
            "location": "test-location",
            "management": [
              {
                "auto_repair": true,
                "auto_upgrade": true
              }
            ],
            "max_pods_per_node": 42,
            "name": "test-node-pool",
            "node_config": [
              {
                "disk_size_gb": 42,
                "disk_type": "pd-standard",
                "guest_accelerator": [
                  {
                    "count": 1,
                    "type": "test-type1"
                  },
                  {
                    "count": 1,
                    "type": "test-type2"
                  }
                ],
                "image_type": "test-image_type",
                "labels": {
                  "test-label-key": "test-label-value"
                },
                "local_ssd_count": 42,
                "machine_type": "test-machine_type",
                "metadata": {
                  "test-metadata-key": "test-metadata-value"
                },
                "min_cpu_platform": "test-min_cpu_platform",
                "oauth_scopes": [
                  "https://www.googleapis.com/auth/devstorage.read_only",
                  "test-oauth_scopes"
                ],
                "preemptible": true,
                "sandbox_config": [],
                "service_account": "test-service_account",
                "tags": [
                  "test-tags"
                ],
                "taint": [
                  {
                    "effect": "NO_SCHEDULE",
                    "key": "test-key1",
                    "value": "test-value1"
                  },
                  {
                    "effect": "NO_SCHEDULE",
                    "key": "test-key2",
                    "value": "test-value2"
                  }
                ],
                "workload_metadata_config": []
              }
            ],
            "node_count": 42,
            "region": "test-region",
            "timeouts": null,
            "version": "test-version",
            "zone": "test-zone"
          }
        }
      ]
    }
  },
  "resource_changes": [
    {
      "address": "google_container_node_pool.full_list_default_1",
      "mode": "managed",
      "type": "google_container_node_pool",
      "name": "full_list_default_1",
      "provider_name": "google",
      "change": {
        "actions": [
          "create"
        ],
        "before": null,
        "after": {
          "autoscaling": [
            {
              "max_node_count": 1337,
              "min_node_count": 42
            }
          ],
          "cluster": "test-cluster",
          "initial_node_count": 42,
          "location": "test-location",
          "management": [
            {
              "auto_repair": true,
              "auto_upgrade": true
            }
          ],
          "max_pods_per_node": 42,
          "name": "test-node-pool",
          "node_config": [
            {
              "disk_size_gb": 42,
              "disk_type": "pd-standard",
              "guest_accelerator": [
                {
                  "count": 1,
                  "type": "test-type1"
                },
                {
                  "count": 1,
                  "type": "test-type2"
                }
              ],
              "image_type": "test-image_type",
              "labels": {
                "test-label-key": "test-label-value"
              },
              "local_ssd_count": 42,
              "machine_type": "test-machine_type",
              "metadata": {
                "test-metadata-key": "test-metadata-value"
              },
              "min_cpu_platform": "test-min_cpu_platform",
              "oauth_scopes": [
                "https://www.googleapis.com/auth/devstorage.read_only",
                "test-oauth_scopes"
              ],
              "preemptible": true,
              "sandbox_config": [],
              "service_account": "test-service_account",
              "tags": [
                "test-tags"
              ],
              "taint": [
                {
                  "effect": "NO_SCHEDULE",
                  "key": "test-key1",
                  "value": "test-value1"
                },
                {
                  "effect": "NO_SCHEDULE",
                  "key": "test-key2",
                  "value": "test-value2"
                }
              ],
              "workload_metadata_config": []
            }
          ],
          "node_count": 42,
          "region": "test-region",
          "timeouts": null,
          "version": "test-version",
          "zone": "test-zone"
        },
        "after_unknown": {
          "autoscaling": [
            {}
          ],
          "id": true,
          "instance_group_urls": true,
          "management": [
            {}
          ],
          "name_prefix": true,
          "node_config": [
            {
              "guest_accelerator": [
                {},
                {}
              ],
              "labels": {},
              "metadata": {},
              "oauth_scopes": [
                false,
                false
              ],
              "sandbox_config": [],
              "shielded_instance_config": true,
              "tags": [
                false
              ],
              "taint": [
                {},
                {}
              ],
              "workload_metadata_config": []
            }
          ],
          "project": true
        }
      }
    }
  ],
  "configuration": {
    "root_module": {
      "resources": [
        {
          "address": "google_container_node_pool.full_list_default_1",
          "mode": "managed",
          "type": "google_container_node_pool",
          "name": "full_list_default_1",
          "provider_config_key": "google",
          "expressions": {
            "autoscaling": [
              {
                "max_node_count": {
                  "constant_value": 1337
                },
                "min_node_count": {
                  "constant_value": 42
                }
              }
            ],
            "cluster": {
              "constant_value": "test-cluster"
            },
            "initial_node_count": {
              "constant_value": 42
            },
            "location": {
              "constant_value": "test-location"
            },
            "management": [
              {
                "auto_repair": {
                  "constant_value": true
                },
                "auto_upgrade": {
                  "constant_value": true
                }
              }
            ],
            "max_pods_per_node": {
              "constant_value": 42
            },
            "name": {
              "constant_value": "test-node-pool"
            },
            "node_config": [
              {
                "disk_size_gb": {
                  "constant_value": 42
                },
                "disk_type": {
                  "constant_value": "pd-standard"
                },
                "image_type": {
                  "constant_value": "test-image_type"
                },
                "labels": {
                  "constant_value": {
                    "test-label-key": "test-label-value"
                  }
                },
                "local_ssd_count": {
                  "constant_value": 42
                },
                "machine_type": {
                  "constant_value": "test-machine_type"
                },
                "metadata": {
                  "constant_value": {
                    "test-metadata-key": "test-metadata-value"
                  }
                },
                "min_cpu_platform": {
                  "constant_value": "test-min_cpu_platform"
                },
                "oauth_scopes": {
                  "constant_value": [
                    "test-oauth_scopes",
                    "storage-ro"
                  ]
                },
                "preemptible": {
                  "constant_value": true
                },
                "service_account": {
                  "constant_value": "test-service_account"
                },
                "tags": {
                  "constant_value": [
                    "test-tags"
                  ]
                },
                "taint": [
                  {
                    "effect": {
                      "constant_value": "NO_SCHEDULE"
                    },
                    "key": {
                      "constant_value": "test-key1"
                    },
                    "value": {
                      "constant_value": "test-value1"
                    }
                  },
                  {
                    "effect": {
                      "constant_value": "NO_SCHEDULE"
                    },
                    "key": {
                      "constant_value": "test-key2"
                    },
                    "value": {
                      "constant_value": "test-value2"
                    }
                  }
                ]
              }
            ],
            "node_count": {
              "constant_value": 42
            },
            "region": {
              "constant_value": "test-region"
            },
            "version": {
              "constant_value": "test-version"
            },
            "zone": {
              "constant_value": "test-zone"
            }
          },
          "schema_version": 1
        }
      ]
    }
  }
}
