{
  "format_version": "0.1",
  "terraform_version": "0.12.20",
  "planned_values": {
    "root_module": {
      "resources": [
        {
          "address": "google_compute_instance.full_list_default_1",
          "mode": "managed",
          "type": "google_compute_instance",
          "name": "full_list_default_1",
          "provider_name": "google",
          "schema_version": 6,
          "values": {
            "allow_stopping_for_update": true,
            "attached_disk": [
              {
                "device_name": "test-device_name",
                "disk_encryption_key_raw": null,
                "kms_key_self_link": "test-kms_key_self_link",
                "mode": "READ_ONLY",
                "source": "test-source"
              },
              {
                "disk_encryption_key_raw": null,
                "mode": "READ_WRITE",
                "source": "test-source2"
              }
            ],
            "boot_disk": [
              {
                "auto_delete": true,
                "device_name": "test-device_name",
                "disk_encryption_key_raw": "test-disk_encryption_key_raw",
                "initialize_params": [
                  {
                    "image": "projects/debian-cloud/global/images/debian-9",
                    "size": 42,
                    "type": "pd-standard"
                  }
                ],
                "mode": "READ_WRITE",
                "source": "test-source"
              }
            ],
            "can_ip_forward": true,
            "deletion_protection": true,
            "description": "test-description",
            "enable_display": null,
            "guest_accelerator": [
              {
                "count": 42,
                "type": "test-guest_accelerator-type1"
              },
              {
                "count": 42,
                "type": "test-guest_accelerator-type2"
              }
            ],
            "hostname": "test-hostname",
            "labels": {
              "label_foo1": "label-bar1"
            },
            "machine_type": "n1-standard-1",
            "metadata": {
              "metadata_foo1": "metadata-bar1"
            },
            "metadata_startup_script": null,
            "min_cpu_platform": "test-min_cpu_platform",
            "name": "test1",
            "network_interface": [
              {
                "access_config": [
                  {
                    "nat_ip": "192.168.0.42",
                    "public_ptr_domain_name": null
                  },
                  {
                    "network_tier": "STANDARD",
                    "public_ptr_domain_name": null
                  },
                  {
                    "public_ptr_domain_name": "test-public_ptr_domain_name"
                  }
                ],
                "alias_ip_range": [
                  {
                    "ip_cidr_range": "test-ip_cidr_range",
                    "subnetwork_range_name": "test-subnetwork_range_name"
                  }
                ],
                "network": "default",
                "network_ip": "test-network_ip"
              },
              {
                "access_config": [],
                "alias_ip_range": [],
                "subnetwork": "test-subnetwork",
                "subnetwork_project": "test-subnetwork_project"
              }
            ],
            "scheduling": [
              {
                "automatic_restart": true,
                "node_affinities": [
                  {
                    "key": "test-key",
                    "operator": "IN",
                    "values": [
                      "test-values1",
                      "test-values2"
                    ]
                  }
                ],
                "on_host_maintenance": "test-on_host_maintenance",
                "preemptible": true
              }
            ],
            "scratch_disk": [
              {
                "interface": "SCSI"
              },
              {
                "interface": "SCSI"
              }
            ],
            "service_account": [
              {
                "email": "test-email",
                "scopes": [
                  "https://www.googleapis.com/auth/cloud-platform"
                ]
              }
            ],
            "shielded_instance_config": [
              {
                "enable_integrity_monitoring": true,
                "enable_secure_boot": true,
                "enable_vtpm": true
              }
            ],
            "tags": [
              "bar",
              "foo"
            ],
            "timeouts": null,
            "zone": "us-central1-a"
          }
        },
        {
          "address": "google_compute_instance.full_list_default_2",
          "mode": "managed",
          "type": "google_compute_instance",
          "name": "full_list_default_2",
          "provider_name": "google",
          "schema_version": 6,
          "values": {
            "allow_stopping_for_update": null,
            "attached_disk": [],
            "boot_disk": [
              {
                "auto_delete": true,
                "disk_encryption_key_raw": null,
                "kms_key_self_link": "test-kms_key_self_link",
                "mode": "READ_WRITE"
              }
            ],
            "can_ip_forward": false,
            "deletion_protection": false,
            "description": null,
            "enable_display": null,
            "hostname": null,
            "labels": null,
            "machine_type": "n1-standard-1",
            "metadata": null,
            "metadata_startup_script": null,
            "name": "test2",
            "network_interface": [
              {
                "access_config": [],
                "alias_ip_range": [],
                "network": "default"
              }
            ],
            "scratch_disk": [],
            "service_account": [],
            "shielded_instance_config": [],
            "tags": null,
            "timeouts": null,
            "zone": "us-central1-a"
          }
        }
      ]
    }
  },
  "resource_changes": [
    {
      "address": "google_compute_instance.full_list_default_1",
      "mode": "managed",
      "type": "google_compute_instance",
      "name": "full_list_default_1",
      "provider_name": "google",
      "change": {
        "actions": [
          "create"
        ],
        "before": null,
        "after": {
          "allow_stopping_for_update": true,
          "attached_disk": [
            {
              "device_name": "test-device_name",
              "disk_encryption_key_raw": null,
              "kms_key_self_link": "test-kms_key_self_link",
              "mode": "READ_ONLY",
              "source": "test-source"
            },
            {
              "disk_encryption_key_raw": null,
              "mode": "READ_WRITE",
              "source": "test-source2"
            }
          ],
          "boot_disk": [
            {
              "auto_delete": true,
              "device_name": "test-device_name",
              "disk_encryption_key_raw": "test-disk_encryption_key_raw",
              "initialize_params": [
                {
                  "image": "projects/debian-cloud/global/images/debian-9",
                  "size": 42,
                  "type": "pd-standard"
                }
              ],
              "mode": "READ_WRITE",
              "source": "test-source"
            }
          ],
          "can_ip_forward": true,
          "deletion_protection": true,
          "description": "test-description",
          "enable_display": null,
          "guest_accelerator": [
            {
              "count": 42,
              "type": "test-guest_accelerator-type1"
            },
            {
              "count": 42,
              "type": "test-guest_accelerator-type2"
            }
          ],
          "hostname": "test-hostname",
          "labels": {
            "label_foo1": "label-bar1"
          },
          "machine_type": "n1-standard-1",
          "metadata": {
            "metadata_foo1": "metadata-bar1"
          },
          "metadata_startup_script": null,
          "min_cpu_platform": "test-min_cpu_platform",
          "name": "test1",
          "network_interface": [
            {
              "access_config": [
                {
                  "nat_ip": "192.168.0.42",
                  "public_ptr_domain_name": null
                },
                {
                  "network_tier": "STANDARD",
                  "public_ptr_domain_name": null
                },
                {
                  "public_ptr_domain_name": "test-public_ptr_domain_name"
                }
              ],
              "alias_ip_range": [
                {
                  "ip_cidr_range": "test-ip_cidr_range",
                  "subnetwork_range_name": "test-subnetwork_range_name"
                }
              ],
              "network": "default",
              "network_ip": "test-network_ip"
            },
            {
              "access_config": [],
              "alias_ip_range": [],
              "subnetwork": "test-subnetwork",
              "subnetwork_project": "test-subnetwork_project"
            }
          ],
          "scheduling": [
            {
              "automatic_restart": true,
              "node_affinities": [
                {
                  "key": "test-key",
                  "operator": "IN",
                  "values": [
                    "test-values1",
                    "test-values2"
                  ]
                }
              ],
              "on_host_maintenance": "test-on_host_maintenance",
              "preemptible": true
            }
          ],
          "scratch_disk": [
            {
              "interface": "SCSI"
            },
            {
              "interface": "SCSI"
            }
          ],
          "service_account": [
            {
              "email": "test-email",
              "scopes": [
                "https://www.googleapis.com/auth/compute.readonly",
                "https://www.googleapis.com/auth/devstorage.read_only",
                "https://www.googleapis.com/auth/userinfo.email"
              ]
            }
          ],
          "shielded_instance_config": [
            {
              "enable_integrity_monitoring": true,
              "enable_secure_boot": true,
              "enable_vtpm": true
            }
          ],
          "tags": [
            "bar",
            "foo"
          ],
          "timeouts": null,
          "zone": "us-central1-a"
        },
        "after_unknown": {
          "attached_disk": [
            {
              "disk_encryption_key_sha256": true
            },
            {
              "device_name": true,
              "disk_encryption_key_sha256": true,
              "kms_key_self_link": true
            }
          ],
          "boot_disk": [
            {
              "disk_encryption_key_sha256": true,
              "initialize_params": [
                {
                  "labels": true
                }
              ],
              "kms_key_self_link": true
            }
          ],
          "cpu_platform": true,
          "guest_accelerator": [
            {},
            {}
          ],
          "id": true,
          "instance_id": true,
          "label_fingerprint": true,
          "labels": {},
          "metadata": {},
          "metadata_fingerprint": true,
          "network_interface": [
            {
              "access_config": [
                {
                  "network_tier": true
                },
                {
                  "nat_ip": true
                },
                {
                  "nat_ip": true,
                  "network_tier": true
                }
              ],
              "alias_ip_range": [
                {}
              ],
              "name": true,
              "subnetwork": true,
              "subnetwork_project": true
            },
            {
              "access_config": [],
              "alias_ip_range": [],
              "name": true,
              "network": true,
              "network_ip": true
            }
          ],
          "project": true,
          "scheduling": [
            {
              "node_affinities": [
                {
                  "values": [
                    false,
                    false
                  ]
                }
              ]
            }
          ],
          "scratch_disk": [
            {},
            {}
          ],
          "self_link": true,
          "service_account": [
            {
              "scopes": [
                false,
                false,
                false
              ]
            }
          ],
          "shielded_instance_config": [
            {}
          ],
          "tags": [
            false,
            false
          ],
          "tags_fingerprint": true
        }
      }
    },
    {
      "address": "google_compute_instance.full_list_default_2",
      "mode": "managed",
      "type": "google_compute_instance",
      "name": "full_list_default_2",
      "provider_name": "google",
      "change": {
        "actions": [
          "create"
        ],
        "before": null,
        "after": {
          "allow_stopping_for_update": null,
          "attached_disk": [],
          "boot_disk": [
            {
              "auto_delete": true,
              "disk_encryption_key_raw": null,
              "kms_key_self_link": "test-kms_key_self_link",
              "mode": "READ_WRITE"
            }
          ],
          "can_ip_forward": false,
          "deletion_protection": false,
          "description": null,
          "enable_display": null,
          "hostname": null,
          "labels": null,
          "machine_type": "n1-standard-1",
          "metadata": null,
          "metadata_startup_script": null,
          "name": "test2",
          "network_interface": [
            {
              "access_config": [],
              "alias_ip_range": [],
              "network": "default"
            }
          ],
          "scratch_disk": [],
          "service_account": [],
          "shielded_instance_config": [],
          "tags": null,
          "timeouts": null,
          "zone": "us-central1-a"
        },
        "after_unknown": {
          "attached_disk": [],
          "boot_disk": [
            {
              "device_name": true,
              "disk_encryption_key_sha256": true,
              "initialize_params": true,
              "source": true
            }
          ],
          "cpu_platform": true,
          "guest_accelerator": true,
          "id": true,
          "instance_id": true,
          "label_fingerprint": true,
          "metadata_fingerprint": true,
          "min_cpu_platform": true,
          "network_interface": [
            {
              "access_config": [],
              "alias_ip_range": [],
              "name": true,
              "network_ip": true,
              "subnetwork": true,
              "subnetwork_project": true
            }
          ],
          "project": true,
          "scheduling": true,
          "scratch_disk": [],
          "self_link": true,
          "service_account": [],
          "shielded_instance_config": [],
          "tags_fingerprint": true
        }
      }
    }
  ],
  "configuration": {
    "provider_config": {
      "google": {
        "name": "google",
        "expressions": {
          "project": {
            "constant_value": "{{.Provider.project}}"
          }
        }
      }
    },
    "root_module": {
      "resources": [
        {
          "address": "google_compute_instance.full_list_default_1",
          "mode": "managed",
          "type": "google_compute_instance",
          "name": "full_list_default_1",
          "provider_config_key": "google",
          "expressions": {
            "allow_stopping_for_update": {
              "constant_value": true
            },
            "attached_disk": [
              {
                "device_name": {
                  "constant_value": "test-device_name"
                },
                "kms_key_self_link": {
                  "constant_value": "test-kms_key_self_link"
                },
                "mode": {
                  "constant_value": "READ_ONLY"
                },
                "source": {
                  "constant_value": "test-source"
                }
              },
              {
                "source": {
                  "constant_value": "test-source2"
                }
              }
            ],
            "boot_disk": [
              {
                "auto_delete": {
                  "constant_value": true
                },
                "device_name": {
                  "constant_value": "test-device_name"
                },
                "disk_encryption_key_raw": {
                  "constant_value": "test-disk_encryption_key_raw"
                },
                "initialize_params": [
                  {
                    "image": {
                      "constant_value": "projects/debian-cloud/global/images/debian-9"
                    },
                    "size": {
                      "constant_value": 42
                    },
                    "type": {
                      "constant_value": "pd-standard"
                    }
                  }
                ],
                "source": {
                  "constant_value": "test-source"
                }
              }
            ],
            "can_ip_forward": {
              "constant_value": true
            },
            "deletion_protection": {
              "constant_value": true
            },
            "description": {
              "constant_value": "test-description"
            },
            "hostname": {
              "constant_value": "test-hostname"
            },
            "labels": {
              "constant_value": {
                "label_foo1": "label-bar1"
              }
            },
            "machine_type": {
              "constant_value": "n1-standard-1"
            },
            "metadata": {
              "constant_value": {
                "metadata_foo1": "metadata-bar1"
              }
            },
            "min_cpu_platform": {
              "constant_value": "test-min_cpu_platform"
            },
            "name": {
              "constant_value": "test1"
            },
            "network_interface": [
              {
                "access_config": [
                  {
                    "nat_ip": {
                      "constant_value": "192.168.0.42"
                    }
                  },
                  {
                    "network_tier": {
                      "constant_value": "STANDARD"
                    }
                  },
                  {
                    "public_ptr_domain_name": {
                      "constant_value": "test-public_ptr_domain_name"
                    }
                  }
                ],
                "alias_ip_range": [
                  {
                    "ip_cidr_range": {
                      "constant_value": "test-ip_cidr_range"
                    },
                    "subnetwork_range_name": {
                      "constant_value": "test-subnetwork_range_name"
                    }
                  }
                ],
                "network": {
                  "constant_value": "default"
                },
                "network_ip": {
                  "constant_value": "test-network_ip"
                }
              },
              {
                "subnetwork": {
                  "constant_value": "test-subnetwork"
                },
                "subnetwork_project": {
                  "constant_value": "test-subnetwork_project"
                }
              }
            ],
            "scheduling": [
              {
                "automatic_restart": {
                  "constant_value": true
                },
                "node_affinities": [
                  {
                    "key": {
                      "constant_value": "test-key"
                    },
                    "operator": {
                      "constant_value": "IN"
                    },
                    "values": {
                      "constant_value": [
                        "test-values1",
                        "test-values2"
                      ]
                    }
                  }
                ],
                "on_host_maintenance": {
                  "constant_value": "test-on_host_maintenance"
                },
                "preemptible": {
                  "constant_value": true
                }
              }
            ],
            "scratch_disk": [
              {
                "interface": {
                  "constant_value": "SCSI"
                }
              },
              {
                "interface": {
                  "constant_value": "SCSI"
                }
              }
            ],
            "service_account": [
              {
                "email": {
                  "constant_value": "test-email"
                },
                "scopes": {
                  "constant_value": [
                    "userinfo-email",
                    "compute-ro",
                    "storage-ro"
                  ]
                }
              }
            ],
            "shielded_instance_config": [
              {
                "enable_integrity_monitoring": {
                  "constant_value": true
                },
                "enable_secure_boot": {
                  "constant_value": true
                },
                "enable_vtpm": {
                  "constant_value": true
                }
              }
            ],
            "tags": {
              "constant_value": [
                "foo",
                "bar"
              ]
            },
            "zone": {
              "constant_value": "us-central1-a"
            }
          },
          "schema_version": 6
        },
        {
          "address": "google_compute_instance.full_list_default_2",
          "mode": "managed",
          "type": "google_compute_instance",
          "name": "full_list_default_2",
          "provider_config_key": "google",
          "expressions": {
            "boot_disk": [
              {
                "kms_key_self_link": {
                  "constant_value": "test-kms_key_self_link"
                }
              }
            ],
            "machine_type": {
              "constant_value": "n1-standard-1"
            },
            "name": {
              "constant_value": "test2"
            },
            "network_interface": [
              {
                "network": {
                  "constant_value": "default"
                }
              }
            ],
            "zone": {
              "constant_value": "us-central1-a"
            }
          },
          "schema_version": 6
        }
      ]
    }
  }
}
