{
  "format_version": "0.1",
  "terraform_version": "0.12.13",
  "planned_values": {
    "root_module": {
      "resources": [
        {
          "address": "google_container_cluster.full_list_default_1",
          "mode": "managed",
          "type": "google_container_cluster",
          "name": "full_list_default_1",
          "provider_name": "google",
          "schema_version": 1,
          "values": {
            "additional_zones": [
              "test-additional_zones"
            ],
            "addons_config": [
              {
                "horizontal_pod_autoscaling": [
                  {
                    "disabled": true
                  }
                ],
                "http_load_balancing": [
                  {
                    "disabled": true
                  }
                ],
                "kubernetes_dashboard": [
                  {
                    "disabled": true
                  }
                ],
                "network_policy_config": [
                  {
                    "disabled": true
                  }
                ]
              }
            ],
            "cluster_ipv4_cidr": "10.0.0.42/32",
            "default_max_pods_per_node": 42,
            "description": "test-description",
            "enable_intranode_visibility": null,
            "enable_kubernetes_alpha": true,
            "enable_legacy_abac": true,
            "initial_node_count": 42,
            "ip_allocation_policy": [
              {
                "cluster_secondary_range_name": "test-cluster_secondary_range_name",
                "services_secondary_range_name": "test-services_secondary_range_name",
                "use_ip_aliases": true
              }
            ],
            "location": "test-location",
            "logging_service": "logging.googleapis.com",
            "maintenance_policy": [
              {
                "daily_maintenance_window": [
                  {
                    "start_time": "03:00"
                  }
                ]
              }
            ],
            "master_auth": [
              {
                "client_certificate_config": [
                  {
                    "issue_client_certificate": true
                  }
                ],
                "password": "test-password",
                "username": "test-username"
              }
            ],
            "master_authorized_networks_config": [
              {
                "cidr_blocks": [
                  {
                    "cidr_block": "10.0.0.42/32",
                    "display_name": "test-display_name1"
                  },
                  {
                    "cidr_block": "10.0.1.42/32",
                    "display_name": "test-display_name2"
                  }
                ]
              }
            ],
            "min_master_version": "test-min_master_version",
            "monitoring_service": "monitoring.googleapis.com",
            "name": "test-cluster",
            "network": "test-network",
            "network_policy": [
              {
                "enabled": true,
                "provider": "CALICO"
              }
            ],
            "node_config": [
              {
                "disk_size_gb": 42,
                "disk_type": "pd-standard",
                "guest_accelerator": [
                  {
                    "count": 1,
                    "type": "test-type1"
                  },
                  {
                    "count": 1,
                    "type": "test-type2"
                  }
                ],
                "image_type": "test-image_type",
                "labels": {
                  "test-label-key": "test-label-value"
                },
                "local_ssd_count": 42,
                "machine_type": "test-machine_type",
                "metadata": {
                  "test-metadata-key": "test-metadata-value"
                },
                "min_cpu_platform": "test-min_cpu_platform",
                "oauth_scopes": [
                  "https://www.googleapis.com/auth/devstorage.read_only",
                  "test-oauth_scopes"
                ],
                "preemptible": true,
                "sandbox_config": [],
                "service_account": "test-service_account",
                "tags": [
                  "test-tags"
                ],
                "workload_metadata_config": []
              }
            ],
            "node_locations": [
              "test-node_locations"
            ],
            "node_version": "test-node_version",
            "pod_security_policy_config": [],
            "private_cluster_config": [
              {
                "enable_private_endpoint": true,
                "enable_private_nodes": true,
                "master_ipv4_cidr_block": "127.0.0.0/28"
              }
            ],
            "remove_default_node_pool": true,
            "resource_labels": {
              "test-resource_labels-key": "test-resource_labels-value"
            },
            "subnetwork": "test-subnetwork",
            "timeouts": null
          }
        }
      ]
    }
  },
  "resource_changes": [
    {
      "address": "google_container_cluster.full_list_default_1",
      "mode": "managed",
      "type": "google_container_cluster",
      "name": "full_list_default_1",
      "provider_name": "google",
      "change": {
        "actions": [
          "create"
        ],
        "before": null,
        "after": {
          "additional_zones": [
            "test-additional_zones"
          ],
          "addons_config": [
            {
              "horizontal_pod_autoscaling": [
                {
                  "disabled": true
                }
              ],
              "http_load_balancing": [
                {
                  "disabled": true
                }
              ],
              "kubernetes_dashboard": [
                {
                  "disabled": true
                }
              ],
              "network_policy_config": [
                {
                  "disabled": true
                }
              ]
            }
          ],
          "cluster_ipv4_cidr": "10.0.0.42/32",
          "default_max_pods_per_node": 42,
          "description": "test-description",
          "enable_intranode_visibility": null,
          "enable_kubernetes_alpha": true,
          "enable_legacy_abac": true,
          "initial_node_count": 42,
          "ip_allocation_policy": [
            {
              "cluster_secondary_range_name": "test-cluster_secondary_range_name",
              "services_secondary_range_name": "test-services_secondary_range_name",
              "use_ip_aliases": true
            }
          ],
          "location": "test-location",
          "logging_service": "logging.googleapis.com",
          "maintenance_policy": [
            {
              "daily_maintenance_window": [
                {
                  "start_time": "03:00"
                }
              ]
            }
          ],
          "master_auth": [
            {
              "client_certificate_config": [
                {
                  "issue_client_certificate": true
                }
              ],
              "password": "test-password",
              "username": "test-username"
            }
          ],
          "master_authorized_networks_config": [
            {
              "cidr_blocks": [
                {
                  "cidr_block": "10.0.0.42/32",
                  "display_name": "test-display_name1"
                },
                {
                  "cidr_block": "10.0.1.42/32",
                  "display_name": "test-display_name2"
                }
              ]
            }
          ],
          "min_master_version": "test-min_master_version",
          "monitoring_service": "monitoring.googleapis.com",
          "name": "test-cluster",
          "network": "test-network",
          "network_policy": [
            {
              "enabled": true,
              "provider": "CALICO"
            }
          ],
          "node_config": [
            {
              "disk_size_gb": 42,
              "disk_type": "pd-standard",
              "guest_accelerator": [
                {
                  "count": 1,
                  "type": "test-type1"
                },
                {
                  "count": 1,
                  "type": "test-type2"
                }
              ],
              "image_type": "test-image_type",
              "labels": {
                "test-label-key": "test-label-value"
              },
              "local_ssd_count": 42,
              "machine_type": "test-machine_type",
              "metadata": {
                "test-metadata-key": "test-metadata-value"
              },
              "min_cpu_platform": "test-min_cpu_platform",
              "oauth_scopes": [
                "https://www.googleapis.com/auth/devstorage.read_only",
                "test-oauth_scopes"
              ],
              "preemptible": true,
              "sandbox_config": [],
              "service_account": "test-service_account",
              "tags": [
                "test-tags"
              ],
              "workload_metadata_config": []
            }
          ],
          "node_locations": [
            "test-node_locations"
          ],
          "node_version": "test-node_version",
          "pod_security_policy_config": [],
          "private_cluster_config": [
            {
              "enable_private_endpoint": true,
              "enable_private_nodes": true,
              "master_ipv4_cidr_block": "127.0.0.0/28"
            }
          ],
          "remove_default_node_pool": true,
          "resource_labels": {
            "test-resource_labels-key": "test-resource_labels-value"
          },
          "subnetwork": "test-subnetwork",
          "timeouts": null
        },
        "after_unknown": {
          "additional_zones": [
            false
          ],
          "addons_config": [
            {
              "horizontal_pod_autoscaling": [
                {}
              ],
              "http_load_balancing": [
                {}
              ],
              "kubernetes_dashboard": [
                {}
              ],
              "network_policy_config": [
                {}
              ]
            }
          ],
          "cluster_autoscaling": true,
          "enable_binary_authorization": true,
          "enable_tpu": true,
          "endpoint": true,
          "id": true,
          "instance_group_urls": true,
          "ip_allocation_policy": [
            {
              "cluster_ipv4_cidr_block": true,
              "create_subnetwork": true,
              "node_ipv4_cidr_block": true,
              "services_ipv4_cidr_block": true,
              "subnetwork_name": true
            }
          ],
          "maintenance_policy": [
            {
              "daily_maintenance_window": [
                {
                  "duration": true
                }
              ]
            }
          ],
          "master_auth": [
            {
              "client_certificate": true,
              "client_certificate_config": [
                {}
              ],
              "client_key": true,
              "cluster_ca_certificate": true
            }
          ],
          "master_authorized_networks_config": [
            {
              "cidr_blocks": [
                {},
                {}
              ]
            }
          ],
          "master_version": true,
          "network_policy": [
            {}
          ],
          "node_config": [
            {
              "guest_accelerator": [
                {},
                {}
              ],
              "labels": {},
              "metadata": {},
              "oauth_scopes": [
                false,
                false
              ],
              "sandbox_config": [],
              "shielded_instance_config": true,
              "tags": [
                false
              ],
              "workload_metadata_config": []
            }
          ],
          "node_locations": [
            false
          ],
          "node_pool": true,
          "pod_security_policy_config": [],
          "private_cluster_config": [
            {
              "private_endpoint": true,
              "public_endpoint": true
            }
          ],
          "project": true,
          "region": true,
          "resource_labels": {},
          "services_ipv4_cidr": true,
          "zone": true
        }
      }
    }
  ],
  "configuration": {
    "root_module": {
      "resources": [
        {
          "address": "google_container_cluster.full_list_default_1",
          "mode": "managed",
          "type": "google_container_cluster",
          "name": "full_list_default_1",
          "provider_config_key": "google",
          "expressions": {
            "additional_zones": {
              "constant_value": [
                "test-additional_zones"
              ]
            },
            "addons_config": [
              {
                "horizontal_pod_autoscaling": [
                  {
                    "disabled": {
                      "constant_value": true
                    }
                  }
                ],
                "http_load_balancing": [
                  {
                    "disabled": {
                      "constant_value": true
                    }
                  }
                ],
                "kubernetes_dashboard": [
                  {
                    "disabled": {
                      "constant_value": true
                    }
                  }
                ],
                "network_policy_config": [
                  {
                    "disabled": {
                      "constant_value": true
                    }
                  }
                ]
              }
            ],
            "cluster_ipv4_cidr": {
              "constant_value": "10.0.0.42/32"
            },
            "default_max_pods_per_node": {
              "constant_value": 42
            },
            "description": {
              "constant_value": "test-description"
            },
            "enable_kubernetes_alpha": {
              "constant_value": true
            },
            "enable_legacy_abac": {
              "constant_value": true
            },
            "initial_node_count": {
              "constant_value": 42
            },
            "location": {
              "constant_value": "test-location"
            },
            "logging_service": {
              "constant_value": "logging.googleapis.com"
            },
            "maintenance_policy": [
              {
                "daily_maintenance_window": [
                  {
                    "start_time": {
                      "constant_value": "03:00"
                    }
                  }
                ]
              }
            ],
            "master_auth": [
              {
                "client_certificate_config": [
                  {
                    "issue_client_certificate": {
                      "constant_value": true
                    }
                  }
                ],
                "password": {
                  "constant_value": "test-password"
                },
                "username": {
                  "constant_value": "test-username"
                }
              }
            ],
            "master_authorized_networks_config": [
              {
                "cidr_blocks": [
                  {
                    "cidr_block": {
                      "constant_value": "10.0.0.42/32"
                    },
                    "display_name": {
                      "constant_value": "test-display_name1"
                    }
                  },
                  {
                    "cidr_block": {
                      "constant_value": "10.0.1.42/32"
                    },
                    "display_name": {
                      "constant_value": "test-display_name2"
                    }
                  }
                ]
              }
            ],
            "min_master_version": {
              "constant_value": "test-min_master_version"
            },
            "monitoring_service": {
              "constant_value": "monitoring.googleapis.com"
            },
            "name": {
              "constant_value": "test-cluster"
            },
            "network": {
              "constant_value": "test-network"
            },
            "network_policy": [
              {
                "enabled": {
                  "constant_value": true
                },
                "provider": {
                  "constant_value": "CALICO"
                }
              }
            ],
            "node_config": [
              {
                "disk_size_gb": {
                  "constant_value": 42
                },
                "disk_type": {
                  "constant_value": "pd-standard"
                },
                "image_type": {
                  "constant_value": "test-image_type"
                },
                "labels": {
                  "constant_value": {
                    "test-label-key": "test-label-value"
                  }
                },
                "local_ssd_count": {
                  "constant_value": 42
                },
                "machine_type": {
                  "constant_value": "test-machine_type"
                },
                "metadata": {
                  "constant_value": {
                    "test-metadata-key": "test-metadata-value"
                  }
                },
                "min_cpu_platform": {
                  "constant_value": "test-min_cpu_platform"
                },
                "oauth_scopes": {
                  "constant_value": [
                    "test-oauth_scopes",
                    "storage-ro"
                  ]
                },
                "preemptible": {
                  "constant_value": true
                },
                "service_account": {
                  "constant_value": "test-service_account"
                },
                "tags": {
                  "constant_value": [
                    "test-tags"
                  ]
                }
              }
            ],
            "node_locations": {
              "constant_value": [
                "test-node_locations"
              ]
            },
            "node_version": {
              "constant_value": "test-node_version"
            },
            "private_cluster_config": [
              {
                "enable_private_endpoint": {
                  "constant_value": true
                },
                "enable_private_nodes": {
                  "constant_value": true
                },
                "master_ipv4_cidr_block": {
                  "constant_value": "127.0.0.0/28"
                }
              }
            ],
            "remove_default_node_pool": {
              "constant_value": true
            },
            "resource_labels": {
              "constant_value": {
                "test-resource_labels-key": "test-resource_labels-value"
              }
            },
            "subnetwork": {
              "constant_value": "test-subnetwork"
            }
          },
          "schema_version": 1
        }
      ]
    }
  }
}
