{"format_version":"0.1","terraform_version":"0.12.17","variables":{"org_id":{"value":"816421441114"},"project_id":{"value":"devops-iac-project"}},"planned_values":{"root_module":{"resources":[{"address":"google_compute_disk.my-disk","mode":"managed","type":"google_compute_disk","name":"my-disk","provider_name":"google","schema_version":0,"values":{"description":null,"disk_encryption_key":[],"disk_encryption_key_raw":null,"image":"debian-8-jessie-v20170523","labels":{"foo":"bar"},"name":"my-disk","project":"devops-iac-project","snapshot":null,"source_image_encryption_key":[],"source_snapshot_encryption_key":[],"timeouts":null,"type":"pd-ssd","zone":"us-central1-a"}},{"address":"google_compute_firewall.my-test-firewall","mode":"managed","type":"google_compute_firewall","name":"my-test-firewall","provider_name":"google","schema_version":1,"values":{"allow":[{"ports":["80","8080","1000-2000"],"protocol":"tcp"},{"ports":[],"protocol":"icmp"}],"deny":[],"description":null,"disabled":null,"name":"my-test-firewall","network":"default","priority":1000,"source_service_accounts":null,"source_tags":["web"],"target_service_accounts":null,"target_tags":null,"timeouts":null}},{"address":"google_folder.test","mode":"managed","type":"google_folder","name":"test","provider_name":"google","schema_version":0,"values":{"display_name":"validator-test","parent":"organizations/816421441114"}},{"address":"google_project.my_project","mode":"managed","type":"google_project","name":"my_project","provider_name":"google","schema_version":1,"values":{"auto_create_network":true,"billing_account":null,"labels":null,"name":"test-project","project_id":"test-project-912"}},{"address":"google_storage_bucket.my-bucket","mode":"managed","type":"google_storage_bucket","name":"my-bucket","provider_name":"google","schema_version":0,"values":{"cors":[{"max_age_seconds":null,"method":["POST"],"origin":["*"],"response_header":null}],"encryption":[],"force_destroy":false,"labels":{"foo":"bar"},"lifecycle_rule":[],"location":"US","logging":[],"predefined_acl":null,"project":"devops-iac-project","requester_pays":null,"storage_class":"STANDARD","versioning":[],"website":[{"main_page_suffix":"index.html","not_found_page":"404.html"}]}},{"address":"random_id.bucket","mode":"managed","type":"random_id","name":"bucket","provider_name":"random","schema_version":0,"values":{"byte_length":8,"keepers":null,"prefix":null}}]}},"resource_changes":[{"address":"google_compute_disk.my-disk","mode":"managed","type":"google_compute_disk","name":"my-disk","provider_name":"google","change":{"actions":["create"],"before":null,"after":{"description":null,"disk_encryption_key":[],"disk_encryption_key_raw":null,"image":"debian-8-jessie-v20170523","labels":{"foo":"bar"},"name":"my-disk","project":"devops-iac-project","snapshot":null,"source_image_encryption_key":[],"source_snapshot_encryption_key":[],"timeouts":null,"type":"pd-ssd","zone":"us-central1-a"},"after_unknown":{"creation_timestamp":true,"disk_encryption_key":[],"disk_encryption_key_sha256":true,"id":true,"label_fingerprint":true,"labels":{},"last_attach_timestamp":true,"last_detach_timestamp":true,"physical_block_size_bytes":true,"self_link":true,"size":true,"source_image_encryption_key":[],"source_image_id":true,"source_snapshot_encryption_key":[],"source_snapshot_id":true,"users":true}}},{"address":"google_compute_firewall.my-test-firewall","mode":"managed","type":"google_compute_firewall","name":"my-test-firewall","provider_name":"google","change":{"actions":["create"],"before":null,"after":{"allow":[{"ports":["80","8080","1000-2000"],"protocol":"tcp"},{"ports":[],"protocol":"icmp"}],"deny":[],"description":null,"disabled":null,"name":"my-test-firewall","network":"default","priority":1000,"source_service_accounts":null,"source_tags":["web"],"target_service_accounts":null,"target_tags":null,"timeouts":null},"after_unknown":{"allow":[{"ports":[false,false,false]},{"ports":[]}],"creation_timestamp":true,"deny":[],"destination_ranges":true,"direction":true,"id":true,"project":true,"self_link":true,"source_ranges":true,"source_tags":[false]}}},{"address":"google_folder.test","mode":"managed","type":"google_folder","name":"test","provider_name":"google","change":{"actions":["create"],"before":null,"after":{"display_name":"validator-test","parent":"organizations/816421441114"},"after_unknown":{"create_time":true,"id":true,"lifecycle_state":true,"name":true}}},{"address":"google_project.my_project","mode":"managed","type":"google_project","name":"my_project","provider_name":"google","change":{"actions":["create"],"before":null,"after":{"auto_create_network":true,"billing_account":null,"labels":null,"name":"test-project","project_id":"test-project-912"},"after_unknown":{"app_engine":true,"folder_id":true,"id":true,"number":true,"org_id":true,"policy_data":true,"policy_etag":true,"skip_delete":true}}},{"address":"google_storage_bucket.my-bucket","mode":"managed","type":"google_storage_bucket","name":"my-bucket","provider_name":"google","change":{"actions":["create"],"before":null,"after":{"cors":[{"max_age_seconds":null,"method":["POST"],"origin":["*"],"response_header":null}],"encryption":[],"force_destroy":false,"labels":{"foo":"bar"},"lifecycle_rule":[],"location":"US","logging":[],"predefined_acl":null,"project":"devops-iac-project","requester_pays":null,"storage_class":"STANDARD","versioning":[],"website":[{"main_page_suffix":"index.html","not_found_page":"404.html"}]},"after_unknown":{"bucket_policy_only":true,"cors":[{"method":[false],"origin":[false]}],"encryption":[],"id":true,"labels":{},"lifecycle_rule":[],"logging":[],"name":true,"self_link":true,"url":true,"versioning":[],"website":[{}]}}},{"address":"random_id.bucket","mode":"managed","type":"random_id","name":"bucket","provider_name":"random","change":{"actions":["create"],"before":null,"after":{"byte_length":8,"keepers":null,"prefix":null},"after_unknown":{"b64":true,"b64_std":true,"b64_url":true,"dec":true,"hex":true,"id":true}}}],"configuration":{"provider_config":{"google":{"name":"google","version_constraint":"~\u003e 2.11.0","expressions":{"project":{"references":["local.project"]}}}},"root_module":{"resources":[{"address":"google_compute_disk.my-disk","mode":"managed","type":"google_compute_disk","name":"my-disk","provider_config_key":"google","expressions":{"image":{"constant_value":"debian-8-jessie-v20170523"},"labels":{"constant_value":{"foo":"bar"}},"name":{"constant_value":"my-disk"},"project":{"references":["local.project"]},"type":{"constant_value":"pd-ssd"},"zone":{"constant_value":"us-central1-a"}},"schema_version":0},{"address":"google_compute_firewall.my-test-firewall","mode":"managed","type":"google_compute_firewall","name":"my-test-firewall","provider_config_key":"google","expressions":{"allow":[{"protocol":{"constant_value":"icmp"}},{"ports":{"constant_value":["80","8080","1000-2000"]},"protocol":{"constant_value":"tcp"}}],"name":{"constant_value":"my-test-firewall"},"network":{"constant_value":"default"},"source_tags":{"constant_value":["web"]}},"schema_version":1},{"address":"google_folder.test","mode":"managed","type":"google_folder","name":"test","provider_config_key":"google","expressions":{"display_name":{"constant_value":"validator-test"},"parent":{"references":["var.org_id"]}},"schema_version":0},{"address":"google_project.my_project","mode":"managed","type":"google_project","name":"my_project","provider_config_key":"google","expressions":{"folder_id":{"references":["google_folder.test"]},"name":{"constant_value":"test-project"},"project_id":{"constant_value":"test-project-912"}},"schema_version":1},{"address":"google_storage_bucket.my-bucket","mode":"managed","type":"google_storage_bucket","name":"my-bucket","provider_config_key":"google","expressions":{"cors":[{"method":{"constant_value":["POST"]},"origin":{"constant_value":["*"]}}],"labels":{"constant_value":{"foo":"bar"}},"location":{"constant_value":"US"},"name":{"references":["random_id.bucket"]},"project":{"references":["local.project"]},"website":[{"main_page_suffix":{"constant_value":"index.html"},"not_found_page":{"constant_value":"404.html"}}]},"schema_version":0},{"address":"random_id.bucket","mode":"managed","type":"random_id","name":"bucket","provider_config_key":"random","expressions":{"byte_length":{"constant_value":8}},"schema_version":0}],"variables":{"org_id":{"description":"The organization ID use for creating resources."},"project_id":{"default":null,"description":"The project to create resources inside of."}}}}}
