{
  "format_version": "0.1",
  "terraform_version": "0.12.25",
  "planned_values": {
    "root_module": {
      "resources": [
        {
          "address": "google_folder_iam_policy.policy",
          "mode": "managed",
          "type": "google_folder_iam_policy",
          "name": "policy",
          "provider_name": "google",
          "schema_version": 0,
          "values": {
            "folder": "example-tf-folder",
            "policy_data": "{\"bindings\":[{\"members\":[\"user:user2@example.com\"],\"role\":\"roles/bigquery.admin\"},{\"members\":[\"user:user1@example.com\"],\"role\":\"roles/editor\"}]}"
          }
        },
        {
          "address": "google_organization_iam_policy.policy",
          "mode": "managed",
          "type": "google_organization_iam_policy",
          "name": "policy",
          "provider_name": "google",
          "schema_version": 0,
          "values": {
            "org_id": "123456789",
            "policy_data": "{\"bindings\":[{\"members\":[\"user:user2@example.com\"],\"role\":\"roles/bigquery.admin\"},{\"members\":[\"user:user1@example.com\"],\"role\":\"roles/editor\"}]}"
          }
        },
        {
          "address": "google_project_iam_policy.admin",
          "mode": "managed",
          "type": "google_project_iam_policy",
          "name": "admin",
          "provider_name": "google",
          "schema_version": 0,
          "values": {
            "authoritative": null,
            "disable_project": null,
            "policy_data": "{\"bindings\":[{\"members\":[\"user:user2@example.com\"],\"role\":\"roles/bigquery.admin\"},{\"members\":[\"user:user1@example.com\"],\"role\":\"roles/editor\"}]}",
            "project": "example-tf-project"
          }
        }
      ]
    }
  },
  "resource_changes": [
    {
      "address": "google_folder_iam_policy.policy",
      "mode": "managed",
      "type": "google_folder_iam_policy",
      "name": "policy",
      "provider_name": "google",
      "change": {
        "actions": [
          "create"
        ],
        "before": null,
        "after": {
          "folder": "example-tf-folder",
          "policy_data": "{\"bindings\":[{\"members\":[\"user:user2@example.com\"],\"role\":\"roles/bigquery.admin\"},{\"members\":[\"user:user1@example.com\"],\"role\":\"roles/editor\"}]}"
        },
        "after_unknown": {
          "etag": true,
          "id": true
        }
      }
    },
    {
      "address": "google_organization_iam_policy.policy",
      "mode": "managed",
      "type": "google_organization_iam_policy",
      "name": "policy",
      "provider_name": "google",
      "change": {
        "actions": [
          "create"
        ],
        "before": null,
        "after": {
          "org_id": "123456789",
          "policy_data": "{\"bindings\":[{\"members\":[\"user:user2@example.com\"],\"role\":\"roles/bigquery.admin\"},{\"members\":[\"user:user1@example.com\"],\"role\":\"roles/editor\"}]}"
        },
        "after_unknown": {
          "etag": true,
          "id": true
        }
      }
    },
    {
      "address": "google_project_iam_policy.admin",
      "mode": "managed",
      "type": "google_project_iam_policy",
      "name": "admin",
      "provider_name": "google",
      "change": {
        "actions": [
          "create"
        ],
        "before": null,
        "after": {
          "authoritative": null,
          "disable_project": null,
          "policy_data": "{\"bindings\":[{\"members\":[\"user:user2@example.com\"],\"role\":\"roles/bigquery.admin\"},{\"members\":[\"user:user1@example.com\"],\"role\":\"roles/editor\"}]}",
          "project": "example-tf-project"
        },
        "after_unknown": {
          "etag": true,
          "id": true,
          "restore_policy": true
        }
      }
    }
  ],
  "prior_state": {
    "format_version": "0.1",
    "terraform_version": "0.12.25",
    "values": {
      "root_module": {
        "resources": [
          {
            "address": "data.google_iam_policy.example",
            "mode": "data",
            "type": "google_iam_policy",
            "name": "example",
            "provider_name": "google",
            "schema_version": 0,
            "values": {
              "audit_config": null,
              "binding": [
                {
                  "members": [
                    "user:user1@example.com"
                  ],
                  "role": "roles/editor"
                },
                {
                  "members": [
                    "user:user2@example.com"
                  ],
                  "role": "roles/bigquery.admin"
                }
              ],
              "id": "123456789",
              "policy_data": "{\"bindings\":[{\"members\":[\"user:user2@example.com\"],\"role\":\"roles/bigquery.admin\"},{\"members\":[\"user:user1@example.com\"],\"role\":\"roles/editor\"}]}"
            }
          }
        ]
      }
    }
  },
  "configuration": {
    "provider_config": {
      "google": {
        "name": "google",
        "expressions": {
          "project": {
            "constant_value": "example-tf-validator"
          },
          "region": {
            "constant_value": "us-central1"
          },
          "zone": {
            "constant_value": "us-central1-a"
          }
        }
      }
    },
    "root_module": {
      "resources": [
        {
          "address": "google_folder_iam_policy.policy",
          "mode": "managed",
          "type": "google_folder_iam_policy",
          "name": "policy",
          "provider_config_key": "google",
          "expressions": {
            "folder": {
              "constant_value": "example-tf-folder"
            },
            "policy_data": {
              "references": [
                "data.google_iam_policy.example"
              ]
            }
          },
          "schema_version": 0
        },
        {
          "address": "google_organization_iam_policy.policy",
          "mode": "managed",
          "type": "google_organization_iam_policy",
          "name": "policy",
          "provider_config_key": "google",
          "expressions": {
            "org_id": {
              "constant_value": "123456789"
            },
            "policy_data": {
              "references": [
                "data.google_iam_policy.example"
              ]
            }
          },
          "schema_version": 0
        },
        {
          "address": "google_project_iam_policy.admin",
          "mode": "managed",
          "type": "google_project_iam_policy",
          "name": "admin",
          "provider_config_key": "google",
          "expressions": {
            "policy_data": {
              "references": [
                "data.google_iam_policy.example"
              ]
            },
            "project": {
              "constant_value": "example-tf-project"
            }
          },
          "schema_version": 0
        },
        {
          "address": "data.google_iam_policy.example",
          "mode": "data",
          "type": "google_iam_policy",
          "name": "example",
          "provider_config_key": "google",
          "expressions": {
            "binding": [
              {
                "members": {
                  "constant_value": [
                    "user:user1@example.com"
                  ]
                },
                "role": {
                  "constant_value": "roles/editor"
                }
              },
              {
                "members": {
                  "constant_value": [
                    "user:user2@example.com"
                  ]
                },
                "role": {
                  "constant_value": "roles/bigquery.admin"
                }
              }
            ]
          },
          "schema_version": 0
        }
      ]
    }
  }
}
