{
  "format_version": "0.1",
  "terraform_version": "0.12.25",
  "planned_values": {
    "root_module": {
      "resources": [
        {
          "address": "google_folder_iam_binding.binding",
          "mode": "managed",
          "type": "google_folder_iam_binding",
          "name": "binding",
          "provider_name": "google",
          "schema_version": 0,
          "values": {
            "folder": "example-tf-folder",
            "members": [
              "user:user1@example.com"
            ],
            "role": "roles/editor"
          }
        },
        {
          "address": "google_folder_iam_member.member",
          "mode": "managed",
          "type": "google_folder_iam_member",
          "name": "member",
          "provider_name": "google",
          "schema_version": 0,
          "values": {
            "folder": "example-tf-folder",
            "member": "user:user2@example.com",
            "role": "roles/bigquery.admin"
          }
        },
        {
          "address": "google_organization_iam_binding.binding",
          "mode": "managed",
          "type": "google_organization_iam_binding",
          "name": "binding",
          "provider_name": "google",
          "schema_version": 0,
          "values": {
            "members": [
              "user:user1@example.com"
            ],
            "org_id": "123456789",
            "role": "roles/editor"
          }
        },
        {
          "address": "google_organization_iam_member.member",
          "mode": "managed",
          "type": "google_organization_iam_member",
          "name": "member",
          "provider_name": "google",
          "schema_version": 0,
          "values": {
            "member": "user:user2@example.com",
            "org_id": "123456789",
            "role": "roles/bigquery.admin"
          }
        },
        {
          "address": "google_project_iam_binding.binding",
          "mode": "managed",
          "type": "google_project_iam_binding",
          "name": "binding",
          "provider_name": "google",
          "schema_version": 0,
          "values": {
            "members": [
              "user:user1@example.com"
            ],
            "project": "example-tf-project",
            "role": "roles/editor"
          }
        },
        {
          "address": "google_project_iam_member.member",
          "mode": "managed",
          "type": "google_project_iam_member",
          "name": "member",
          "provider_name": "google",
          "schema_version": 0,
          "values": {
            "member": "user:user2@example.com",
            "project": "example-tf-project",
            "role": "roles/bigquery.admin"
          }
        }
      ]
    }
  },
  "resource_changes": [
    {
      "address": "google_folder_iam_binding.binding",
      "mode": "managed",
      "type": "google_folder_iam_binding",
      "name": "binding",
      "provider_name": "google",
      "change": {
        "actions": [
          "create"
        ],
        "before": null,
        "after": {
          "folder": "example-tf-folder",
          "members": [
            "user:user1@example.com"
          ],
          "role": "roles/editor"
        },
        "after_unknown": {
          "etag": true,
          "id": true,
          "members": [
            false
          ]
        }
      }
    },
    {
      "address": "google_folder_iam_member.member",
      "mode": "managed",
      "type": "google_folder_iam_member",
      "name": "member",
      "provider_name": "google",
      "change": {
        "actions": [
          "create"
        ],
        "before": null,
        "after": {
          "folder": "example-tf-folder",
          "member": "user:user2@example.com",
          "role": "roles/bigquery.admin"
        },
        "after_unknown": {
          "etag": true,
          "id": true
        }
      }
    },
    {
      "address": "google_organization_iam_binding.binding",
      "mode": "managed",
      "type": "google_organization_iam_binding",
      "name": "binding",
      "provider_name": "google",
      "change": {
        "actions": [
          "create"
        ],
        "before": null,
        "after": {
          "members": [
            "user:user1@example.com"
          ],
          "org_id": "123456789",
          "role": "roles/editor"
        },
        "after_unknown": {
          "etag": true,
          "id": true,
          "members": [
            false
          ]
        }
      }
    },
    {
      "address": "google_organization_iam_member.member",
      "mode": "managed",
      "type": "google_organization_iam_member",
      "name": "member",
      "provider_name": "google",
      "change": {
        "actions": [
          "create"
        ],
        "before": null,
        "after": {
          "member": "user:user2@example.com",
          "org_id": "123456789",
          "role": "roles/bigquery.admin"
        },
        "after_unknown": {
          "etag": true,
          "id": true
        }
      }
    },
    {
      "address": "google_project_iam_binding.binding",
      "mode": "managed",
      "type": "google_project_iam_binding",
      "name": "binding",
      "provider_name": "google",
      "change": {
        "actions": [
          "create"
        ],
        "before": null,
        "after": {
          "members": [
            "user:user1@example.com"
          ],
          "project": "example-tf-project",
          "role": "roles/editor"
        },
        "after_unknown": {
          "etag": true,
          "id": true,
          "members": [
            false
          ]
        }
      }
    },
    {
      "address": "google_project_iam_member.member",
      "mode": "managed",
      "type": "google_project_iam_member",
      "name": "member",
      "provider_name": "google",
      "change": {
        "actions": [
          "create"
        ],
        "before": null,
        "after": {
          "member": "user:user2@example.com",
          "project": "example-tf-project",
          "role": "roles/bigquery.admin"
        },
        "after_unknown": {
          "etag": true,
          "id": true
        }
      }
    }
  ],
  "configuration": {
    "provider_config": {
      "google": {
        "name": "google",
        "expressions": {
          "project": {
            "constant_value": "example-tf-validator"
          },
          "region": {
            "constant_value": "us-central1"
          },
          "zone": {
            "constant_value": "us-central1-a"
          }
        }
      }
    },
    "root_module": {
      "resources": [
        {
          "address": "google_folder_iam_binding.binding",
          "mode": "managed",
          "type": "google_folder_iam_binding",
          "name": "binding",
          "provider_config_key": "google",
          "expressions": {
            "folder": {
              "constant_value": "example-tf-folder"
            },
            "members": {
              "constant_value": [
                "user:user1@example.com"
              ]
            },
            "role": {
              "constant_value": "roles/editor"
            }
          },
          "schema_version": 0
        },
        {
          "address": "google_folder_iam_member.member",
          "mode": "managed",
          "type": "google_folder_iam_member",
          "name": "member",
          "provider_config_key": "google",
          "expressions": {
            "folder": {
              "constant_value": "example-tf-folder"
            },
            "member": {
              "constant_value": "user:user2@example.com"
            },
            "role": {
              "constant_value": "roles/bigquery.admin"
            }
          },
          "schema_version": 0
        },
        {
          "address": "google_organization_iam_binding.binding",
          "mode": "managed",
          "type": "google_organization_iam_binding",
          "name": "binding",
          "provider_config_key": "google",
          "expressions": {
            "members": {
              "constant_value": [
                "user:user1@example.com"
              ]
            },
            "org_id": {
              "constant_value": "123456789"
            },
            "role": {
              "constant_value": "roles/editor"
            }
          },
          "schema_version": 0
        },
        {
          "address": "google_organization_iam_member.member",
          "mode": "managed",
          "type": "google_organization_iam_member",
          "name": "member",
          "provider_config_key": "google",
          "expressions": {
            "member": {
              "constant_value": "user:user2@example.com"
            },
            "org_id": {
              "constant_value": "123456789"
            },
            "role": {
              "constant_value": "roles/bigquery.admin"
            }
          },
          "schema_version": 0
        },
        {
          "address": "google_project_iam_binding.binding",
          "mode": "managed",
          "type": "google_project_iam_binding",
          "name": "binding",
          "provider_config_key": "google",
          "expressions": {
            "members": {
              "constant_value": [
                "user:user1@example.com"
              ]
            },
            "project": {
              "constant_value": "example-tf-project"
            },
            "role": {
              "constant_value": "roles/editor"
            }
          },
          "schema_version": 0
        },
        {
          "address": "google_project_iam_member.member",
          "mode": "managed",
          "type": "google_project_iam_member",
          "name": "member",
          "provider_config_key": "google",
          "expressions": {
            "member": {
              "constant_value": "user:user2@example.com"
            },
            "project": {
              "constant_value": "example-tf-project"
            },
            "role": {
              "constant_value": "roles/bigquery.admin"
            }
          },
          "schema_version": 0
        }
      ]
    }
  }
}
