{
  "format_version": "0.1",
  "terraform_version": "0.12.10",
  "planned_values": {
    "root_module": {
      "resources": [
        {
          "address": "google_storage_bucket.full-list-default",
          "mode": "managed",
          "type": "google_storage_bucket",
          "name": "full-list-default",
          "provider_name": "google",
          "schema_version": 0,
          "values": {
            "bucket_policy_only": true,
            "cors": [
              {
                "max_age_seconds": 42,
                "method": [
                  "test-method1",
                  "test-method2"
                ],
                "origin": [
                  "test-origin1",
                  "test-origin2"
                ],
                "response_header": [
                  "test-response_header1",
                  "test-response_header2"
                ]
              },
              {
                "max_age_seconds": 42,
                "method": [
                  "test-method1",
                  "test-method2"
                ],
                "origin": [
                  "test-origin1",
                  "test-origin2"
                ],
                "response_header": [
                  "test-response_header1",
                  "test-response_header2"
                ]
              }
            ],
            "encryption": [
              {
                "default_kms_key_name": "test-default_kms_key_name"
              }
            ],
            "force_destroy": true,
            "labels": {
              "label_foo1": "label-bar1"
            },
            "lifecycle_rule": [
              {
                "action": [
                  {
                    "storage_class": "test-storage_class",
                    "type": "test-type"
                  }
                ],
                "condition": [
                  {
                    "age": 42,
                    "created_before": "test-created_before",
                    "is_live": true,
                    "matches_storage_class": [
                      "test-matches_storage_class1",
                      "matches_storage_class2"
                    ],
                    "num_newer_versions": 42,
                    "with_state": "LIVE"
                  }
                ]
              },
              {
                "action": [
                  {
                    "storage_class": "test-storage_class",
                    "type": "test-type"
                  }
                ],
                "condition": [
                  {
                    "age": 42,
                    "created_before": "test-created_before",
                    "is_live": true,
                    "matches_storage_class": [
                      "test-matches_storage_class1",
                      "matches_storage_class2"
                    ],
                    "num_newer_versions": 42,
                    "with_state": "LIVE"
                  }
                ]
              }
            ],
            "location": "EU",
            "logging": [
              {
                "log_bucket": "test-log_bucket",
                "log_object_prefix": "test-log_object_prefix"
              }
            ],
            "name": "image-store-bucket",
            "predefined_acl": null,
            "requester_pays": true,
            "retention_policy": [
              {
                "is_locked": true,
                "retention_period": 42
              }
            ],
            "storage_class": "test-storage_class",
            "versioning": [
              {
                "enabled": true
              }
            ],
            "website": [
              {
                "main_page_suffix": "index.html",
                "not_found_page": "404.html"
              }
            ]
          }
        }
      ]
    }
  },
  "resource_changes": [
    {
      "address": "google_storage_bucket.full-list-default",
      "mode": "managed",
      "type": "google_storage_bucket",
      "name": "full-list-default",
      "provider_name": "google",
      "change": {
        "actions": [
          "create"
        ],
        "before": null,
        "after": {
          "bucket_policy_only": true,
          "cors": [
            {
              "max_age_seconds": 42,
              "method": [
                "test-method1",
                "test-method2"
              ],
              "origin": [
                "test-origin1",
                "test-origin2"
              ],
              "response_header": [
                "test-response_header1",
                "test-response_header2"
              ]
            },
            {
              "max_age_seconds": 42,
              "method": [
                "test-method1",
                "test-method2"
              ],
              "origin": [
                "test-origin1",
                "test-origin2"
              ],
              "response_header": [
                "test-response_header1",
                "test-response_header2"
              ]
            }
          ],
          "encryption": [
            {
              "default_kms_key_name": "test-default_kms_key_name"
            }
          ],
          "force_destroy": true,
          "labels": {
            "label_foo1": "label-bar1"
          },
          "lifecycle_rule": [
            {
              "action": [
                {
                  "storage_class": "test-storage_class",
                  "type": "test-type"
                }
              ],
              "condition": [
                {
                  "age": 42,
                  "created_before": "test-created_before",
                  "is_live": true,
                  "matches_storage_class": [
                    "test-matches_storage_class1",
                    "matches_storage_class2"
                  ],
                  "num_newer_versions": 42,
                  "with_state": "LIVE"
                }
              ]
            },
            {
              "action": [
                {
                  "storage_class": "test-storage_class",
                  "type": "test-type"
                }
              ],
              "condition": [
                {
                  "age": 42,
                  "created_before": "test-created_before",
                  "is_live": true,
                  "matches_storage_class": [
                    "test-matches_storage_class1",
                    "matches_storage_class2"
                  ],
                  "num_newer_versions": 42,
                  "with_state": "LIVE"
                }
              ]
            }
          ],
          "location": "EU",
          "logging": [
            {
              "log_bucket": "test-log_bucket",
              "log_object_prefix": "test-log_object_prefix"
            }
          ],
          "name": "image-store-bucket",
          "predefined_acl": null,
          "requester_pays": true,
          "retention_policy": [
            {
              "is_locked": true,
              "retention_period": 42
            }
          ],
          "storage_class": "test-storage_class",
          "versioning": [
            {
              "enabled": true
            }
          ],
          "website": [
            {
              "main_page_suffix": "index.html",
              "not_found_page": "404.html"
            }
          ]
        },
        "after_unknown": {
          "cors": [
            {
              "method": [
                false,
                false
              ],
              "origin": [
                false,
                false
              ],
              "response_header": [
                false,
                false
              ]
            },
            {
              "method": [
                false,
                false
              ],
              "origin": [
                false,
                false
              ],
              "response_header": [
                false,
                false
              ]
            }
          ],
          "encryption": [
            {}
          ],
          "id": true,
          "labels": {},
          "lifecycle_rule": [
            {
              "action": [
                {}
              ],
              "condition": [
                {
                  "matches_storage_class": [
                    false,
                    false
                  ]
                }
              ]
            },
            {
              "action": [
                {}
              ],
              "condition": [
                {
                  "matches_storage_class": [
                    false,
                    false
                  ]
                }
              ]
            }
          ],
          "logging": [
            {}
          ],
          "project": true,
          "retention_policy": [
            {}
          ],
          "self_link": true,
          "url": true,
          "versioning": [
            {}
          ],
          "website": [
            {}
          ]
        }
      }
    }
  ],
  "configuration": {
    "provider_config": {
      "google": {
        "name": "google",
        "expressions": {
          "project": {
            "constant_value": "foobar"
          }
        }
      }
    },
    "root_module": {
      "resources": [
        {
          "address": "google_storage_bucket.full-list-default",
          "mode": "managed",
          "type": "google_storage_bucket",
          "name": "full-list-default",
          "provider_config_key": "google",
          "expressions": {
            "bucket_policy_only": {
              "constant_value": true
            },
            "cors": [
              {
                "max_age_seconds": {
                  "constant_value": 42
                },
                "method": {
                  "constant_value": [
                    "test-method1",
                    "test-method2"
                  ]
                },
                "origin": {
                  "constant_value": [
                    "test-origin1",
                    "test-origin2"
                  ]
                },
                "response_header": {
                  "constant_value": [
                    "test-response_header1",
                    "test-response_header2"
                  ]
                }
              },
              {
                "max_age_seconds": {
                  "constant_value": 42
                },
                "method": {
                  "constant_value": [
                    "test-method1",
                    "test-method2"
                  ]
                },
                "origin": {
                  "constant_value": [
                    "test-origin1",
                    "test-origin2"
                  ]
                },
                "response_header": {
                  "constant_value": [
                    "test-response_header1",
                    "test-response_header2"
                  ]
                }
              }
            ],
            "encryption": [
              {
                "default_kms_key_name": {
                  "constant_value": "test-default_kms_key_name"
                }
              }
            ],
            "force_destroy": {
              "constant_value": true
            },
            "labels": {
              "constant_value": {
                "label_foo1": "label-bar1"
              }
            },
            "lifecycle_rule": [
              {
                "action": [
                  {
                    "storage_class": {
                      "constant_value": "test-storage_class"
                    },
                    "type": {
                      "constant_value": "test-type"
                    }
                  }
                ],
                "condition": [
                  {
                    "age": {
                      "constant_value": 42
                    },
                    "created_before": {
                      "constant_value": "test-created_before"
                    },
                    "is_live": {
                      "constant_value": true
                    },
                    "matches_storage_class": {
                      "constant_value": [
                        "test-matches_storage_class1",
                        "matches_storage_class2"
                      ]
                    },
                    "num_newer_versions": {
                      "constant_value": 42
                    },
                    "with_state": {
                      "constant_value": "LIVE"
                    }
                  }
                ]
              },
              {
                "action": [
                  {
                    "storage_class": {
                      "constant_value": "test-storage_class"
                    },
                    "type": {
                      "constant_value": "test-type"
                    }
                  }
                ],
                "condition": [
                  {
                    "age": {
                      "constant_value": 42
                    },
                    "created_before": {
                      "constant_value": "test-created_before"
                    },
                    "is_live": {
                      "constant_value": true
                    },
                    "matches_storage_class": {
                      "constant_value": [
                        "test-matches_storage_class1",
                        "matches_storage_class2"
                      ]
                    },
                    "num_newer_versions": {
                      "constant_value": 42
                    },
                    "with_state": {
                      "constant_value": "LIVE"
                    }
                  }
                ]
              }
            ],
            "location": {
              "constant_value": "EU"
            },
            "logging": [
              {
                "log_bucket": {
                  "constant_value": "test-log_bucket"
                },
                "log_object_prefix": {
                  "constant_value": "test-log_object_prefix"
                }
              }
            ],
            "name": {
              "constant_value": "image-store-bucket"
            },
            "requester_pays": {
              "constant_value": true
            },
            "retention_policy": [
              {
                "is_locked": {
                  "constant_value": true
                },
                "retention_period": {
                  "constant_value": 42
                }
              }
            ],
            "storage_class": {
              "constant_value": "test-storage_class"
            },
            "versioning": [
              {
                "enabled": {
                  "constant_value": true
                }
              }
            ],
            "website": [
              {
                "main_page_suffix": {
                  "constant_value": "index.html"
                },
                "not_found_page": {
                  "constant_value": "404.html"
                }
              }
            ]
          },
          "schema_version": 0
        }
      ]
    }
  }
}
