{
  "format_version": "0.1",
  "terraform_version": "0.12.6",
  "planned_values": {
    "root_module": {
      "resources": [
        {
          "address": "google_compute_disk.my-disk-resource",
          "mode": "managed",
          "type": "google_compute_disk",
          "name": "my-disk-resource",
          "provider_name": "google",
          "schema_version": 0,
          "values": {
            "description": null,
            "disk_encryption_key": [

            ],
            "disk_encryption_key_raw": null,
            "image": "projects/debian-cloud/global/images/debian-8-jessie-v20170523",
            "labels": {
              "disk-label-key-a": "disk-label-val-a"
            },
            "name": "my-disk",
            "project": "foobar",
            "snapshot": null,
            "source_image_encryption_key": [

            ],
            "source_snapshot_encryption_key": [

            ],
            "timeouts": null,
            "type": "pd-ssd",
            "zone": "projects/foobar/global/zones/us-central1-a"
          }
        },
        {
          "address": "google_compute_firewall.my-test-firewall",
          "mode": "managed",
          "type": "google_compute_firewall",
          "name": "my-test-firewall",
          "provider_name": "google",
          "schema_version": 1,
          "values": {
            "allow": [
              {
                "ports": [
                  "80",
                  "8080",
                  "1000-2000"
                ],
                "protocol": "tcp"
              },
              {
                "ports": [

                ],
                "protocol": "icmp"
              }
            ],
            "deny": [

            ],
            "description": null,
            "disabled": null,
            "name": "my-test-firewall",
            "network": "default",
            "priority": 1000,
            "source_service_accounts": null,
            "source_tags": [
              "web"
            ],
            "target_service_accounts": null,
            "target_tags": null,
            "timeouts": null
          }
        },
        {
          "address": "google_compute_instance.my-test-instance",
          "mode": "managed",
          "type": "google_compute_instance",
          "name": "my-test-instance",
          "provider_name": "google",
          "schema_version": 6,
          "values": {
            "allow_stopping_for_update": null,
            "attached_disk": [

            ],
            "boot_disk": [
              {
                "auto_delete": true,
                "disk_encryption_key_raw": null,
                "initialize_params": [
                  {
                    "image": "projects/debian-cloud/global/images/debian-8-jessie-v20170523"
                  }
                ]
              }
            ],
            "can_ip_forward": false,
            "deletion_protection": false,
            "description": null,
            "disk": [

            ],
            "hostname": null,
            "labels": null,
            "machine_type": "n1-standard-1",
            "metadata": {
              "foo": "bar"
            },
            "metadata_startup_script": "echo hi > /test.txt",
            "min_cpu_platform": null,
            "name": "my-instance",
            "network_interface": [
              {
                "access_config": [
                  {
                    "public_ptr_domain_name": null
                  }
                ],
                "alias_ip_range": [

                ],
                "network": "default"
              }
            ],
            "project": "foobar",
            "scratch_disk": [
              {
                "interface": "SCSI"
              }
            ],
            "service_account": [
              {
                "scopes": [
                  "https://www.googleapis.com/auth/compute.readonly",
                  "https://www.googleapis.com/auth/devstorage.read_only",
                  "https://www.googleapis.com/auth/userinfo.email"
                ]
              }
            ],
            "shielded_instance_config": [

            ],
            "tags": [
              "bar",
              "foo"
            ],
            "timeouts": null,
            "zone": "projects/foobar/global/zones/us-central1-a"
          }
        },
        {
          "address": "google_folder_iam_binding.my-test-folder-binding",
          "mode": "managed",
          "type": "google_folder_iam_binding",
          "name": "my-test-folder-binding",
          "provider_name": "google",
          "schema_version": 0,
          "values": {
            "folder": "my-folder",
            "members": [
              "user:alice@example.com"
            ],
            "role": "roles/browser"
          }
        },
        {
          "address": "google_folder_iam_member.my-test-folder-member",
          "mode": "managed",
          "type": "google_folder_iam_member",
          "name": "my-test-folder-member",
          "provider_name": "google",
          "schema_version": 0,
          "values": {
            "folder": "my-folder",
            "member": "user:jane@example.com",
            "role": "roles/viewer"
          }
        },
        {
          "address": "google_folder_iam_policy.my-test-folder-policy",
          "mode": "managed",
          "type": "google_folder_iam_policy",
          "name": "my-test-folder-policy",
          "provider_name": "google",
          "schema_version": 0,
          "values": {
            "folder": "my-folder",
            "policy_data": "{\"bindings\":[{\"members\":[\"user:bob@example.com\"],\"role\":\"roles/editor\"}]}"
          }
        },
        {
          "address": "google_organization_iam_binding.my-test-org-binding",
          "mode": "managed",
          "type": "google_organization_iam_binding",
          "name": "my-test-org-binding",
          "provider_name": "google",
          "schema_version": 0,
          "values": {
            "members": [
              "user:alice@example.com"
            ],
            "org_id": "123456789",
            "role": "roles/browser"
          }
        },
        {
          "address": "google_organization_iam_member.my-test-org-member",
          "mode": "managed",
          "type": "google_organization_iam_member",
          "name": "my-test-org-member",
          "provider_name": "google",
          "schema_version": 0,
          "values": {
            "member": "user:jane@example.com",
            "org_id": "123456789",
            "role": "roles/viewer"
          }
        },
        {
          "address": "google_organization_iam_policy.my-test-org-policy",
          "mode": "managed",
          "type": "google_organization_iam_policy",
          "name": "my-test-org-policy",
          "provider_name": "google",
          "schema_version": 0,
          "values": {
            "org_id": "123456789",
            "policy_data": "{\"bindings\":[{\"members\":[\"user:bob@example.com\"],\"role\":\"roles/editor\"}]}"
          }
        },
        {
          "address": "google_project.my-project-resource",
          "mode": "managed",
          "type": "google_project",
          "name": "my-project-resource",
          "provider_name": "google",
          "schema_version": 1,
          "values": {
            "auto_create_network": true,
            "billing_account": "012345-567890-ABCDEF",
            "labels": {
              "project-label-key-a": "project-label-val-a"
            },
            "name": "My Project Name",
            "org_id": "my-org",
            "project_id": "foobar",
            "timeouts": null
          }
        },
        {
          "address": "google_project_iam_binding.my-test-project-binding",
          "mode": "managed",
          "type": "google_project_iam_binding",
          "name": "my-test-project-binding",
          "provider_name": "google",
          "schema_version": 0,
          "values": {
            "members": [
              "user:alice@example.com"
            ],
            "project": "foobar",
            "role": "roles/browser"
          }
        },
        {
          "address": "google_project_iam_member.my-test-project-member",
          "mode": "managed",
          "type": "google_project_iam_member",
          "name": "my-test-project-member",
          "provider_name": "google",
          "schema_version": 0,
          "values": {
            "member": "user:jane@example.com",
            "project": "foobar",
            "role": "roles/viewer"
          }
        },
        {
          "address": "google_project_iam_policy.my-test-project-policy",
          "mode": "managed",
          "type": "google_project_iam_policy",
          "name": "my-test-project-policy",
          "provider_name": "google",
          "schema_version": 0,
          "values": {
            "authoritative": null,
            "disable_project": null,
            "policy_data": "{\"bindings\":[{\"members\":[\"user:bob@example.com\"],\"role\":\"roles/editor\"}]}",
            "project": "foobar"
          }
        },
        {
          "address": "google_sql_database_instance.my-test-sql",
          "mode": "managed",
          "type": "google_sql_database_instance",
          "name": "my-test-sql",
          "provider_name": "google",
          "schema_version": 0,
          "values": {
            "database_version": "POSTGRES_9_6",
            "name": "master-instance",
            "region": "us-central1",
            "settings": [
              {
                "authorized_gae_applications": null,
                "database_flags": [

                ],
                "disk_autoresize": true,
                "maintenance_window": [

                ],
                "pricing_plan": "PER_USE",
                "replication_type": "SYNCHRONOUS",
                "tier": "db-f1-micro",
                "user_labels": null
              }
            ],
            "timeouts": null
          }
        },
        {
          "address": "google_storage_bucket.my-test-bucket",
          "mode": "managed",
          "type": "google_storage_bucket",
          "name": "my-test-bucket",
          "provider_name": "google",
          "schema_version": 0,
          "values": {
            "cors": [

            ],
            "encryption": [

            ],
            "force_destroy": false,
            "labels": null,
            "lifecycle_rule": [

            ],
            "location": "EU",
            "logging": [

            ],
            "name": "test-bucket",
            "predefined_acl": null,
            "requester_pays": null,
            "retention_policy": [

            ],
            "storage_class": "STANDARD",
            "versioning": [

            ],
            "website": [
              {
                "main_page_suffix": "index.html",
                "not_found_page": "404.html"
              }
            ]
          }
        }
      ]
    }
  },
  "resource_changes": [
    {
      "address": "google_compute_disk.my-disk-resource",
      "mode": "managed",
      "type": "google_compute_disk",
      "name": "my-disk-resource",
      "provider_name": "google",
      "change": {
        "actions": [
          "create"
        ],
        "before": {
          "description": null,
          "disk_encryption_key": [

          ],
          "disk_encryption_key_raw": null,
          "image": "projects/debian-cloud/global/images/debian-8-jessie-v20170523",
          "labels": {
            "disk-label-key-a": "disk-label-val-a"
          },
          "name": "my-disk",
          "project": "foobar",
          "snapshot": null,
          "source_image_encryption_key": [

          ],
          "source_snapshot_encryption_key": [

          ],
          "timeouts": null,
          "type": "pd-ssd",
          "zone": "projects/foobar/global/zones/us-central1-a"
        },
        "after": {
          "description": null,
          "disk_encryption_key": [

          ],
          "disk_encryption_key_raw": null,
          "image": "projects/debian-cloud/global/images/debian-8-jessie-v20170523",
          "labels": {
            "disk-label-key-a": "disk-label-val-a"
          },
          "name": "my-disk",
          "project": "foobar",
          "snapshot": null,
          "source_image_encryption_key": [

          ],
          "source_snapshot_encryption_key": [

          ],
          "timeouts": null,
          "type": "pd-ssd",
          "zone": "projects/foobar/global/zones/us-central1-a"
        },
        "after_unknown": {
          "creation_timestamp": true,
          "disk_encryption_key": [

          ],
          "disk_encryption_key_sha256": true,
          "id": true,
          "label_fingerprint": true,
          "labels": {
          },
          "last_attach_timestamp": true,
          "last_detach_timestamp": true,
          "physical_block_size_bytes": true,
          "self_link": true,
          "size": true,
          "source_image_encryption_key": [

          ],
          "source_image_id": true,
          "source_snapshot_encryption_key": [

          ],
          "source_snapshot_id": true,
          "users": true
        }
      }
    },
    {
      "address": "google_compute_firewall.my-test-firewall",
      "mode": "managed",
      "type": "google_compute_firewall",
      "name": "my-test-firewall",
      "provider_name": "google",
      "change": {
        "actions": [
          "create"
        ],
        "before": {
          "allow": [
            {
              "ports": [
                "80",
                "8080",
                "1000-2000"
              ],
              "protocol": "tcp"
            },
            {
              "ports": [

              ],
              "protocol": "icmp"
            }
          ],
          "deny": [

          ],
          "description": null,
          "disabled": null,
          "name": "my-test-firewall",
          "network": "default",
          "priority": 1000,
          "source_service_accounts": null,
          "source_tags": [
            "web"
          ],
          "target_service_accounts": null,
          "target_tags": null,
          "timeouts": null
        },
        "after": {
          "allow": [
            {
              "ports": [
                "80",
                "8080",
                "1000-2000"
              ],
              "protocol": "tcp"
            },
            {
              "ports": [

              ],
              "protocol": "icmp"
            }
          ],
          "deny": [

          ],
          "description": null,
          "disabled": null,
          "name": "my-test-firewall",
          "network": "default",
          "priority": 1000,
          "source_service_accounts": null,
          "source_tags": [
            "web"
          ],
          "target_service_accounts": null,
          "target_tags": null,
          "timeouts": null
        },
        "after_unknown": {
          "allow": [
            {
              "ports": [
                false,
                false,
                false
              ]
            },
            {
              "ports": [

              ]
            }
          ],
          "creation_timestamp": true,
          "deny": [

          ],
          "destination_ranges": true,
          "direction": true,
          "id": true,
          "project": true,
          "self_link": true,
          "source_ranges": true,
          "source_tags": [
            false
          ]
        }
      }
    },
    {
      "address": "google_compute_instance.my-test-instance",
      "mode": "managed",
      "type": "google_compute_instance",
      "name": "my-test-instance",
      "provider_name": "google",
      "change": {
        "actions": [
          "create"
        ],
        "before": {
          "allow_stopping_for_update": null,
          "attached_disk": [

          ],
          "boot_disk": [
            {
              "auto_delete": true,
              "disk_encryption_key_raw": null,
              "initialize_params": [
                {
                  "image": "projects/debian-cloud/global/images/debian-8-jessie-v20170523"
                }
              ]
            }
          ],
          "can_ip_forward": false,
          "deletion_protection": false,
          "description": null,
          "disk": [

          ],
          "hostname": null,
          "labels": null,
          "machine_type": "n1-standard-1",
          "metadata": {
            "foo": "bar"
          },
          "metadata_startup_script": "echo hi > /test.txt",
          "min_cpu_platform": null,
          "name": "my-instance",
          "network_interface": [
            {
              "access_config": [
                {
                  "public_ptr_domain_name": null
                }
              ],
              "alias_ip_range": [

              ],
              "network": "default"
            }
          ],
          "project": "foobar",
          "scratch_disk": [
            {
              "interface": "SCSI"
            }
          ],
          "service_account": [
            {
              "scopes": [
                "https://www.googleapis.com/auth/compute.readonly",
                "https://www.googleapis.com/auth/devstorage.read_only",
                "https://www.googleapis.com/auth/userinfo.email"
              ]
            }
          ],
          "shielded_instance_config": [

          ],
          "tags": [
            "bar",
            "foo"
          ],
          "timeouts": null,
          "zone": "projects/foobar/global/zones/us-central1-a"
        },
        "after": {
          "allow_stopping_for_update": null,
          "attached_disk": [

          ],
          "boot_disk": [
            {
              "auto_delete": true,
              "disk_encryption_key_raw": null,
              "initialize_params": [
                {
                  "image": "projects/debian-cloud/global/images/debian-8-jessie-v20170523"
                }
              ]
            }
          ],
          "can_ip_forward": false,
          "deletion_protection": false,
          "description": null,
          "disk": [

          ],
          "hostname": null,
          "labels": null,
          "machine_type": "n1-standard-1",
          "metadata": {
            "foo": "bar"
          },
          "metadata_startup_script": "echo hi > /test.txt",
          "min_cpu_platform": null,
          "name": "my-instance",
          "network_interface": [
            {
              "access_config": [
                {
                  "public_ptr_domain_name": null
                }
              ],
              "alias_ip_range": [

              ],
              "network": "default"
            }
          ],
          "project": "foobar",
          "scratch_disk": [
            {
              "interface": "SCSI"
            }
          ],
          "service_account": [
            {
              "scopes": [
                "https://www.googleapis.com/auth/compute.readonly",
                "https://www.googleapis.com/auth/devstorage.read_only",
                "https://www.googleapis.com/auth/userinfo.email"
              ]
            }
          ],
          "shielded_instance_config": [

          ],
          "tags": [
            "bar",
            "foo"
          ],
          "timeouts": null,
          "zone": "projects/foobar/global/zones/us-central1-a"
        },
        "after_unknown": {
          "attached_disk": [

          ],
          "boot_disk": [
            {
              "device_name": true,
              "disk_encryption_key_sha256": true,
              "initialize_params": [
                {
                  "labels": true,
                  "size": true,
                  "type": true
                }
              ],
              "kms_key_self_link": true,
              "source": true
            }
          ],
          "cpu_platform": true,
          "disk": [

          ],
          "guest_accelerator": true,
          "id": true,
          "instance_id": true,
          "label_fingerprint": true,
          "metadata": {
          },
          "metadata_fingerprint": true,
          "network_interface": [
            {
              "access_config": [
                {
                  "assigned_nat_ip": true,
                  "nat_ip": true,
                  "network_tier": true
                }
              ],
              "address": true,
              "alias_ip_range": [

              ],
              "name": true,
              "network_ip": true,
              "subnetwork": true,
              "subnetwork_project": true
            }
          ],
          "scheduling": true,
          "scratch_disk": [
            {
            }
          ],
          "self_link": true,
          "service_account": [
            {
              "email": true,
              "scopes": [
                false,
                false,
                false
              ]
            }
          ],
          "shielded_instance_config": [

          ],
          "tags": [
            false,
            false
          ],
          "tags_fingerprint": true
        }
      }
    },
    {
      "address": "google_folder_iam_binding.my-test-folder-binding",
      "mode": "managed",
      "type": "google_folder_iam_binding",
      "name": "my-test-folder-binding",
      "provider_name": "google",
      "change": {
        "actions": [
          "create"
        ],
        "before": {
          "folder": "my-folder",
          "members": [
            "user:alice@example.com"
          ],
          "role": "roles/browser"
        },
        "after": {
          "folder": "my-folder",
          "members": [
            "user:alice@example.com"
          ],
          "role": "roles/browser"
        },
        "after_unknown": {
          "etag": true,
          "id": true,
          "members": [
            false
          ]
        }
      }
    },
    {
      "address": "google_folder_iam_member.my-test-folder-member",
      "mode": "managed",
      "type": "google_folder_iam_member",
      "name": "my-test-folder-member",
      "provider_name": "google",
      "change": {
        "actions": [
          "create"
        ],
        "before": {
          "folder": "my-folder",
          "member": "user:jane@example.com",
          "role": "roles/viewer"
        },
        "after": {
          "folder": "my-folder",
          "member": "user:jane@example.com",
          "role": "roles/viewer"
        },
        "after_unknown": {
          "etag": true,
          "id": true
        }
      }
    },
    {
      "address": "google_folder_iam_policy.my-test-folder-policy",
      "mode": "managed",
      "type": "google_folder_iam_policy",
      "name": "my-test-folder-policy",
      "provider_name": "google",
      "change": {
        "actions": [
          "create"
        ],
        "before": {
          "folder": "my-folder",
          "policy_data": "{\"bindings\":[{\"members\":[\"user:bob@example.com\"],\"role\":\"roles/editor\"}]}"
        },
        "after": {
          "folder": "my-folder",
          "policy_data": "{\"bindings\":[{\"members\":[\"user:bob@example.com\"],\"role\":\"roles/editor\"}]}"
        },
        "after_unknown": {
          "etag": true,
          "id": true
        }
      }
    },
    {
      "address": "google_organization_iam_binding.my-test-org-binding",
      "mode": "managed",
      "type": "google_organization_iam_binding",
      "name": "my-test-org-binding",
      "provider_name": "google",
      "change": {
        "actions": [
          "create"
        ],
        "before": {
          "members": [
            "user:alice@example.com"
          ],
          "org_id": "123456789",
          "role": "roles/browser"
        },
        "after": {
          "members": [
            "user:alice@example.com"
          ],
          "org_id": "123456789",
          "role": "roles/browser"
        },
        "after_unknown": {
          "etag": true,
          "id": true,
          "members": [
            false
          ]
        }
      }
    },
    {
      "address": "google_organization_iam_member.my-test-org-member",
      "mode": "managed",
      "type": "google_organization_iam_member",
      "name": "my-test-org-member",
      "provider_name": "google",
      "change": {
        "actions": [
          "create"
        ],
        "before": {
          "member": "user:jane@example.com",
          "org_id": "123456789",
          "role": "roles/viewer"
        },
        "after": {
          "member": "user:jane@example.com",
          "org_id": "123456789",
          "role": "roles/viewer"
        },
        "after_unknown": {
          "etag": true,
          "id": true
        }
      }
    },
    {
      "address": "google_organization_iam_policy.my-test-org-policy",
      "mode": "managed",
      "type": "google_organization_iam_policy",
      "name": "my-test-org-policy",
      "provider_name": "google",
      "change": {
        "actions": [
          "create"
        ],
        "before": {
          "org_id": "123456789",
          "policy_data": "{\"bindings\":[{\"members\":[\"user:bob@example.com\"],\"role\":\"roles/editor\"}]}"
        },
        "after": {
          "org_id": "123456789",
          "policy_data": "{\"bindings\":[{\"members\":[\"user:bob@example.com\"],\"role\":\"roles/editor\"}]}"
        },
        "after_unknown": {
          "etag": true,
          "id": true
        }
      }
    },
    {
      "address": "google_project.my-project-resource",
      "mode": "managed",
      "type": "google_project",
      "name": "my-project-resource",
      "provider_name": "google",
      "change": {
        "actions": [
          "create"
        ],
        "before": {
          "auto_create_network": true,
          "billing_account": "012345-567890-ABCDEF",
          "labels": {
            "project-label-key-a": "project-label-val-a"
          },
          "name": "My Project Name",
          "org_id": "my-org",
          "project_id": "foobar",
          "timeouts": null
        },
        "after": {
          "auto_create_network": true,
          "billing_account": "012345-567890-ABCDEF",
          "labels": {
            "project-label-key-a": "project-label-val-a"
          },
          "name": "My Project Name",
          "org_id": "my-org",
          "project_id": "foobar",
          "timeouts": null
        },
        "after_unknown": {
          "app_engine": true,
          "folder_id": true,
          "id": true,
          "labels": {
          },
          "number": true,
          "policy_data": true,
          "policy_etag": true,
          "skip_delete": true
        }
      }
    },
    {
      "address": "google_project_iam_binding.my-test-project-binding",
      "mode": "managed",
      "type": "google_project_iam_binding",
      "name": "my-test-project-binding",
      "provider_name": "google",
      "change": {
        "actions": [
          "create"
        ],
        "before": {
          "members": [
            "user:alice@example.com"
          ],
          "project": "foobar",
          "role": "roles/browser"
        },
        "after": {
          "members": [
            "user:alice@example.com"
          ],
          "project": "foobar",
          "role": "roles/browser"
        },
        "after_unknown": {
          "etag": true,
          "id": true,
          "members": [
            false
          ]
        }
      }
    },
    {
      "address": "google_project_iam_member.my-test-project-member",
      "mode": "managed",
      "type": "google_project_iam_member",
      "name": "my-test-project-member",
      "provider_name": "google",
      "change": {
        "actions": [
          "create"
        ],
        "before": {
          "member": "user:jane@example.com",
          "project": "foobar",
          "role": "roles/viewer"
        },
        "after": {
          "member": "user:jane@example.com",
          "project": "foobar",
          "role": "roles/viewer"
        },
        "after_unknown": {
          "etag": true,
          "id": true
        }
      }
    },
    {
      "address": "google_project_iam_policy.my-test-project-policy",
      "mode": "managed",
      "type": "google_project_iam_policy",
      "name": "my-test-project-policy",
      "provider_name": "google",
      "change": {
        "actions": [
          "create"
        ],
        "before": {
          "authoritative": null,
          "disable_project": null,
          "policy_data": "{\"bindings\":[{\"members\":[\"user:bob@example.com\"],\"role\":\"roles/editor\"}]}",
          "project": "foobar"
        },
        "after": {
          "authoritative": null,
          "disable_project": null,
          "policy_data": "{\"bindings\":[{\"members\":[\"user:bob@example.com\"],\"role\":\"roles/editor\"}]}",
          "project": "foobar"
        },
        "after_unknown": {
          "etag": true,
          "id": true,
          "restore_policy": true
        }
      }
    },
    {
      "address": "google_sql_database_instance.my-test-sql",
      "mode": "managed",
      "type": "google_sql_database_instance",
      "name": "my-test-sql",
      "provider_name": "google",
      "change": {
        "actions": [
          "create"
        ],
        "before": {
          "database_version": "POSTGRES_9_6",
          "name": "master-instance",
          "region": "us-central1",
          "settings": [
            {
              "authorized_gae_applications": null,
              "database_flags": [

              ],
              "disk_autoresize": true,
              "maintenance_window": [

              ],
              "pricing_plan": "PER_USE",
              "replication_type": "SYNCHRONOUS",
              "tier": "db-f1-micro",
              "user_labels": null
            }
          ],
          "timeouts": null
        },
        "after": {
          "database_version": "POSTGRES_9_6",
          "name": "master-instance",
          "region": "us-central1",
          "settings": [
            {
              "authorized_gae_applications": null,
              "database_flags": [

              ],
              "disk_autoresize": true,
              "maintenance_window": [

              ],
              "pricing_plan": "PER_USE",
              "replication_type": "SYNCHRONOUS",
              "tier": "db-f1-micro",
              "user_labels": null
            }
          ],
          "timeouts": null
        },
        "after_unknown": {
          "connection_name": true,
          "first_ip_address": true,
          "id": true,
          "ip_address": true,
          "master_instance_name": true,
          "private_ip_address": true,
          "project": true,
          "public_ip_address": true,
          "replica_configuration": true,
          "self_link": true,
          "server_ca_cert": true,
          "service_account_email_address": true,
          "settings": [
            {
              "activation_policy": true,
              "availability_type": true,
              "backup_configuration": true,
              "crash_safe_replication": true,
              "database_flags": [

              ],
              "disk_size": true,
              "disk_type": true,
              "ip_configuration": true,
              "location_preference": true,
              "maintenance_window": [

              ],
              "version": true
            }
          ]
        }
      }
    },
    {
      "address": "google_storage_bucket.my-test-bucket",
      "mode": "managed",
      "type": "google_storage_bucket",
      "name": "my-test-bucket",
      "provider_name": "google",
      "change": {
        "actions": [
          "create"
        ],
        "before": {
          "cors": [

          ],
          "encryption": [

          ],
          "force_destroy": false,
          "labels": null,
          "lifecycle_rule": [

          ],
          "location": "EU",
          "logging": [

          ],
          "name": "test-bucket",
          "predefined_acl": null,
          "requester_pays": null,
          "retention_policy": [

          ],
          "storage_class": "STANDARD",
          "versioning": [

          ],
          "website": [
            {
              "main_page_suffix": "index.html",
              "not_found_page": "404.html"
            }
          ]
        },
        "after": {
          "cors": [

          ],
          "encryption": [

          ],
          "force_destroy": false,
          "labels": null,
          "lifecycle_rule": [

          ],
          "location": "EU",
          "logging": [

          ],
          "name": "test-bucket",
          "predefined_acl": null,
          "requester_pays": null,
          "retention_policy": [

          ],
          "storage_class": "STANDARD",
          "versioning": [

          ],
          "website": [
            {
              "main_page_suffix": "index.html",
              "not_found_page": "404.html"
            }
          ]
        },
        "after_unknown": {
          "bucket_policy_only": true,
          "cors": [

          ],
          "encryption": [

          ],
          "id": true,
          "lifecycle_rule": [

          ],
          "logging": [

          ],
          "project": true,
          "retention_policy": [

          ],
          "self_link": true,
          "url": true,
          "versioning": [

          ],
          "website": [
            {
            }
          ]
        }
      }
    }
  ],
  "prior_state": {
    "format_version": "0.1",
    "terraform_version": "0.12.6",
    "values": {
      "root_module": {
        "resources": [
          {
            "address": "data.google_iam_policy.admin",
            "mode": "data",
            "type": "google_iam_policy",
            "name": "admin",
            "provider_name": "google",
            "schema_version": 0,
            "values": {
              "audit_config": null,
              "binding": [
                {
                  "members": [
                    "user:bob@example.com"
                  ],
                  "role": "roles/editor"
                }
              ],
              "id": "2315450596",
              "policy_data": "{\"bindings\":[{\"members\":[\"user:bob@example.com\"],\"role\":\"roles/editor\"}]}"
            }
          }
        ]
      }
    }
  },
  "configuration": {
    "provider_config": {
      "google": {
        "name": "google",
        "version_constraint": "~> 2.5",
        "expressions": {
        }
      }
    },
    "root_module": {
      "resources": [
        {
          "address": "google_compute_disk.my-disk-resource",
          "mode": "managed",
          "type": "google_compute_disk",
          "name": "my-disk-resource",
          "provider_config_key": "google",
          "expressions": {
            "image": {
              "constant_value": "projects/debian-cloud/global/images/debian-8-jessie-v20170523"
            },
            "labels": {
              "constant_value": {
                "disk-label-key-a": "disk-label-val-a"
              }
            },
            "name": {
              "constant_value": "my-disk"
            },
            "project": {
              "constant_value": "foobar"
            },
            "type": {
              "constant_value": "pd-ssd"
            },
            "zone": {
              "constant_value": "projects/foobar/global/zones/us-central1-a"
            }
          },
          "schema_version": 0
        },
        {
          "address": "google_compute_firewall.my-test-firewall",
          "mode": "managed",
          "type": "google_compute_firewall",
          "name": "my-test-firewall",
          "provider_config_key": "google",
          "expressions": {
            "allow": [
              {
                "protocol": {
                  "constant_value": "icmp"
                }
              },
              {
                "ports": {
                  "constant_value": [
                    "80",
                    "8080",
                    "1000-2000"
                  ]
                },
                "protocol": {
                  "constant_value": "tcp"
                }
              }
            ],
            "name": {
              "constant_value": "my-test-firewall"
            },
            "network": {
              "constant_value": "default"
            },
            "source_tags": {
              "constant_value": [
                "web"
              ]
            }
          },
          "schema_version": 1
        },
        {
          "address": "google_compute_instance.my-test-instance",
          "mode": "managed",
          "type": "google_compute_instance",
          "name": "my-test-instance",
          "provider_config_key": "google",
          "expressions": {
            "boot_disk": [
              {
                "initialize_params": [
                  {
                    "image": {
                      "constant_value": "projects/debian-cloud/global/images/debian-8-jessie-v20170523"
                    }
                  }
                ]
              }
            ],
            "machine_type": {
              "constant_value": "n1-standard-1"
            },
            "metadata": {
              "constant_value": {
                "foo": "bar"
              }
            },
            "metadata_startup_script": {
              "constant_value": "echo hi > /test.txt"
            },
            "name": {
              "constant_value": "my-instance"
            },
            "network_interface": [
              {
                "access_config": [
                  {
                  }
                ],
                "network": {
                  "constant_value": "default"
                }
              }
            ],
            "project": {
              "constant_value": "foobar"
            },
            "scratch_disk": [
              {
              }
            ],
            "service_account": [
              {
                "scopes": {
                  "constant_value": [
                    "userinfo-email",
                    "compute-ro",
                    "storage-ro"
                  ]
                }
              }
            ],
            "tags": {
              "constant_value": [
                "foo",
                "bar"
              ]
            },
            "zone": {
              "constant_value": "projects/foobar/global/zones/us-central1-a"
            }
          },
          "schema_version": 6
        },
        {
          "address": "google_folder_iam_binding.my-test-folder-binding",
          "mode": "managed",
          "type": "google_folder_iam_binding",
          "name": "my-test-folder-binding",
          "provider_config_key": "google",
          "expressions": {
            "folder": {
              "constant_value": "my-folder"
            },
            "members": {
              "constant_value": [
                "user:alice@example.com"
              ]
            },
            "role": {
              "constant_value": "roles/browser"
            }
          },
          "schema_version": 0
        },
        {
          "address": "google_folder_iam_member.my-test-folder-member",
          "mode": "managed",
          "type": "google_folder_iam_member",
          "name": "my-test-folder-member",
          "provider_config_key": "google",
          "expressions": {
            "folder": {
              "constant_value": "my-folder"
            },
            "member": {
              "constant_value": "user:jane@example.com"
            },
            "role": {
              "constant_value": "roles/viewer"
            }
          },
          "schema_version": 0
        },
        {
          "address": "google_folder_iam_policy.my-test-folder-policy",
          "mode": "managed",
          "type": "google_folder_iam_policy",
          "name": "my-test-folder-policy",
          "provider_config_key": "google",
          "expressions": {
            "folder": {
              "constant_value": "my-folder"
            },
            "policy_data": {
              "references": [
                "data.google_iam_policy.admin"
              ]
            }
          },
          "schema_version": 0
        },
        {
          "address": "google_organization_iam_binding.my-test-org-binding",
          "mode": "managed",
          "type": "google_organization_iam_binding",
          "name": "my-test-org-binding",
          "provider_config_key": "google",
          "expressions": {
            "members": {
              "constant_value": [
                "user:alice@example.com"
              ]
            },
            "org_id": {
              "constant_value": "123456789"
            },
            "role": {
              "constant_value": "roles/browser"
            }
          },
          "schema_version": 0
        },
        {
          "address": "google_organization_iam_member.my-test-org-member",
          "mode": "managed",
          "type": "google_organization_iam_member",
          "name": "my-test-org-member",
          "provider_config_key": "google",
          "expressions": {
            "member": {
              "constant_value": "user:jane@example.com"
            },
            "org_id": {
              "constant_value": "123456789"
            },
            "role": {
              "constant_value": "roles/viewer"
            }
          },
          "schema_version": 0
        },
        {
          "address": "google_organization_iam_policy.my-test-org-policy",
          "mode": "managed",
          "type": "google_organization_iam_policy",
          "name": "my-test-org-policy",
          "provider_config_key": "google",
          "expressions": {
            "org_id": {
              "constant_value": "123456789"
            },
            "policy_data": {
              "references": [
                "data.google_iam_policy.admin"
              ]
            }
          },
          "schema_version": 0
        },
        {
          "address": "google_project.my-project-resource",
          "mode": "managed",
          "type": "google_project",
          "name": "my-project-resource",
          "provider_config_key": "google",
          "expressions": {
            "billing_account": {
              "constant_value": "012345-567890-ABCDEF"
            },
            "labels": {
              "constant_value": {
                "project-label-key-a": "project-label-val-a"
              }
            },
            "name": {
              "constant_value": "My Project Name"
            },
            "org_id": {
              "constant_value": "my-org"
            },
            "project_id": {
              "constant_value": "foobar"
            }
          },
          "schema_version": 1
        },
        {
          "address": "google_project_iam_binding.my-test-project-binding",
          "mode": "managed",
          "type": "google_project_iam_binding",
          "name": "my-test-project-binding",
          "provider_config_key": "google",
          "expressions": {
            "members": {
              "constant_value": [
                "user:alice@example.com"
              ]
            },
            "project": {
              "constant_value": "foobar"
            },
            "role": {
              "constant_value": "roles/browser"
            }
          },
          "schema_version": 0
        },
        {
          "address": "google_project_iam_member.my-test-project-member",
          "mode": "managed",
          "type": "google_project_iam_member",
          "name": "my-test-project-member",
          "provider_config_key": "google",
          "expressions": {
            "member": {
              "constant_value": "user:jane@example.com"
            },
            "project": {
              "constant_value": "foobar"
            },
            "role": {
              "constant_value": "roles/viewer"
            }
          },
          "schema_version": 0
        },
        {
          "address": "google_project_iam_policy.my-test-project-policy",
          "mode": "managed",
          "type": "google_project_iam_policy",
          "name": "my-test-project-policy",
          "provider_config_key": "google",
          "expressions": {
            "policy_data": {
              "references": [
                "data.google_iam_policy.admin"
              ]
            },
            "project": {
              "constant_value": "foobar"
            }
          },
          "schema_version": 0
        },
        {
          "address": "google_sql_database_instance.my-test-sql",
          "mode": "managed",
          "type": "google_sql_database_instance",
          "name": "my-test-sql",
          "provider_config_key": "google",
          "expressions": {
            "database_version": {
              "constant_value": "POSTGRES_9_6"
            },
            "name": {
              "constant_value": "master-instance"
            },
            "region": {
              "constant_value": "us-central1"
            },
            "settings": [
              {
                "tier": {
                  "constant_value": "db-f1-micro"
                }
              }
            ]
          },
          "schema_version": 0
        },
        {
          "address": "google_storage_bucket.my-test-bucket",
          "mode": "managed",
          "type": "google_storage_bucket",
          "name": "my-test-bucket",
          "provider_config_key": "google",
          "expressions": {
            "location": {
              "constant_value": "EU"
            },
            "name": {
              "constant_value": "test-bucket"
            },
            "website": [
              {
                "main_page_suffix": {
                  "constant_value": "index.html"
                },
                "not_found_page": {
                  "constant_value": "404.html"
                }
              }
            ]
          },
          "schema_version": 0
        },
        {
          "address": "data.google_iam_policy.admin",
          "mode": "data",
          "type": "google_iam_policy",
          "name": "admin",
          "provider_config_key": "google",
          "expressions": {
            "binding": [
              {
                "members": {
                  "constant_value": [
                    "user:bob@example.com"
                  ]
                },
                "role": {
                  "constant_value": "roles/editor"
                }
              }
            ]
          },
          "schema_version": 0
        }
      ]
    }
  }
}
